// !$*UTF8*$!
{
	archiveVersion = 1;
	classes = {
	};
	objectVersion = 56;
	objects = {

/* Begin PBXBuildFile section */
		DD03F48E2BF71D8200D9BCFE /* SingleImageViewController.swift in Sources */ = {isa = PBXBuildFile; fileRef = DD03F48D2BF71D8200D9BCFE /* SingleImageViewController.swift */; };
		DD06B7332C0855EB0088A4F3 /* Constants.swift in Sources */ = {isa = PBXBuildFile; fileRef = DD06B7322C0855EB0088A4F3 /* Constants.swift */; };
		DD06B7362C0892080088A4F3 /* AuthViewController.swift in Sources */ = {isa = PBXBuildFile; fileRef = DD06B7352C0892080088A4F3 /* AuthViewController.swift */; };
		DD06B7382C0896840088A4F3 /* WebViewViewController.swift in Sources */ = {isa = PBXBuildFile; fileRef = DD06B7372C0896840088A4F3 /* WebViewViewController.swift */; };
		DD0FE5AB2BF73C5600D44645 /* Main.storyboard in Resources */ = {isa = PBXBuildFile; fileRef = DDC0B3202BE389550035E7DD /* Main.storyboard */; };
		DD0FE5AC2BF73C7A00D44645 /* LaunchScreen.storyboard in Resources */ = {isa = PBXBuildFile; fileRef = DDC0B3252BE389580035E7DD /* LaunchScreen.storyboard */; };
		DD12C57F2C2158CD00505F64 /* ErrorHandling.swift in Sources */ = {isa = PBXBuildFile; fileRef = DD12C57E2C2158CD00505F64 /* ErrorHandling.swift */; };
		DD12C5842C21659C00505F64 /* UserResult.swift in Sources */ = {isa = PBXBuildFile; fileRef = DD12C5832C21659C00505F64 /* UserResult.swift */; };
		DD3C2D552C2006DB000A8F5D /* WebViewViewControllerDelegate.swift in Sources */ = {isa = PBXBuildFile; fileRef = DD3C2D542C2006DB000A8F5D /* WebViewViewControllerDelegate.swift */; };
		DD3C2D582C2008FF000A8F5D /* Profille.swift in Sources */ = {isa = PBXBuildFile; fileRef = DD3C2D572C2008FF000A8F5D /* Profille.swift */; };
		DD3C2D5A2C20096A000A8F5D /* ProfileResult.swift in Sources */ = {isa = PBXBuildFile; fileRef = DD3C2D592C20096A000A8F5D /* ProfileResult.swift */; };
		DD3C2D602C201B31000A8F5D /* SwiftKeychainWrapper in Frameworks */ = {isa = PBXBuildFile; productRef = DD3C2D5F2C201B31000A8F5D /* SwiftKeychainWrapper */; };
		DD3C2D622C201B54000A8F5D /* OAuth2TokenStorageProtocol.swift in Sources */ = {isa = PBXBuildFile; fileRef = DD3C2D612C201B54000A8F5D /* OAuth2TokenStorageProtocol.swift */; };
		DD4B0F632C204F6C00FD9468 /* AuthViewControllerDelegate.swift in Sources */ = {isa = PBXBuildFile; fileRef = DD4B0F622C204F6C00FD9468 /* AuthViewControllerDelegate.swift */; };
		DD4B0F672C2066D900FD9468 /* ProfileImageService.swift in Sources */ = {isa = PBXBuildFile; fileRef = DD4B0F662C2066D900FD9468 /* ProfileImageService.swift */; };
		DD5705172C1AD8F40036B530 /* ProgressHUD in Frameworks */ = {isa = PBXBuildFile; productRef = DD5705162C1AD8F40036B530 /* ProgressHUD */; };
		DD5705192C1B1FE80036B530 /* UIBlockingProgressHUD.swift in Sources */ = {isa = PBXBuildFile; fileRef = DD5705182C1B1FE80036B530 /* UIBlockingProgressHUD.swift */; };
		DD85B6372C0D9D030075CF16 /* OAuth2Service.swift in Sources */ = {isa = PBXBuildFile; fileRef = DD85B6362C0D9D030075CF16 /* OAuth2Service.swift */; };
		DD85B6392C0DB6610075CF16 /* OAuthTokenResponseBody.swift in Sources */ = {isa = PBXBuildFile; fileRef = DD85B6382C0DB6610075CF16 /* OAuthTokenResponseBody.swift */; };
		DD85B63B2C0DB9530075CF16 /* OAuth2TokenStorage.swift in Sources */ = {isa = PBXBuildFile; fileRef = DD85B63A2C0DB9530075CF16 /* OAuth2TokenStorage.swift */; };
		DD8D41CB2C1C2D6900605D3D /* ProfileService.swift in Sources */ = {isa = PBXBuildFile; fileRef = DD8D41CA2C1C2D6900605D3D /* ProfileService.swift */; };
		DDAE2E9A2BE6643100487B45 /* ImagesListCell.swift in Sources */ = {isa = PBXBuildFile; fileRef = DDAE2E992BE6643100487B45 /* ImagesListCell.swift */; };
		DDC0B31B2BE389550035E7DD /* AppDelegate.swift in Sources */ = {isa = PBXBuildFile; fileRef = DDC0B31A2BE389550035E7DD /* AppDelegate.swift */; };
		DDC0B31D2BE389550035E7DD /* SceneDelegate.swift in Sources */ = {isa = PBXBuildFile; fileRef = DDC0B31C2BE389550035E7DD /* SceneDelegate.swift */; };
		DDC0B31F2BE389550035E7DD /* ImagesListViewController.swift in Sources */ = {isa = PBXBuildFile; fileRef = DDC0B31E2BE389550035E7DD /* ImagesListViewController.swift */; };
		DDC0B3242BE389580035E7DD /* Assets.xcassets in Resources */ = {isa = PBXBuildFile; fileRef = DDC0B3232BE389580035E7DD /* Assets.xcassets */; };
		DDDB85162BF5DD650080188D /* ProfileViewController.swift in Sources */ = {isa = PBXBuildFile; fileRef = DDDB85152BF5DD650080188D /* ProfileViewController.swift */; };
		DDE760C22C0F25B600A2EA97 /* SplashViewController.swift in Sources */ = {isa = PBXBuildFile; fileRef = DDE760C12C0F25B600A2EA97 /* SplashViewController.swift */; };
/* End PBXBuildFile section */

/* Begin PBXFileReference section */
		DD03F48D2BF71D8200D9BCFE /* SingleImageViewController.swift */ = {isa = PBXFileReference; lastKnownFileType = sourcecode.swift; path = SingleImageViewController.swift; sourceTree = "<group>"; };
		DD06B7322C0855EB0088A4F3 /* Constants.swift */ = {isa = PBXFileReference; lastKnownFileType = sourcecode.swift; path = Constants.swift; sourceTree = "<group>"; };
		DD06B7352C0892080088A4F3 /* AuthViewController.swift */ = {isa = PBXFileReference; lastKnownFileType = sourcecode.swift; path = AuthViewController.swift; sourceTree = "<group>"; };
		DD06B7372C0896840088A4F3 /* WebViewViewController.swift */ = {isa = PBXFileReference; lastKnownFileType = sourcecode.swift; path = WebViewViewController.swift; sourceTree = "<group>"; };
		DD12C57E2C2158CD00505F64 /* ErrorHandling.swift */ = {isa = PBXFileReference; lastKnownFileType = sourcecode.swift; path = ErrorHandling.swift; sourceTree = "<group>"; };
		DD12C5832C21659C00505F64 /* UserResult.swift */ = {isa = PBXFileReference; lastKnownFileType = sourcecode.swift; path = UserResult.swift; sourceTree = "<group>"; };
		DD3C2D542C2006DB000A8F5D /* WebViewViewControllerDelegate.swift */ = {isa = PBXFileReference; lastKnownFileType = sourcecode.swift; path = WebViewViewControllerDelegate.swift; sourceTree = "<group>"; };
		DD3C2D572C2008FF000A8F5D /* Profille.swift */ = {isa = PBXFileReference; lastKnownFileType = sourcecode.swift; path = Profille.swift; sourceTree = "<group>"; };
		DD3C2D592C20096A000A8F5D /* ProfileResult.swift */ = {isa = PBXFileReference; lastKnownFileType = sourcecode.swift; path = ProfileResult.swift; sourceTree = "<group>"; };
		DD3C2D612C201B54000A8F5D /* OAuth2TokenStorageProtocol.swift */ = {isa = PBXFileReference; lastKnownFileType = sourcecode.swift; path = OAuth2TokenStorageProtocol.swift; sourceTree = "<group>"; };
		DD4B0F622C204F6C00FD9468 /* AuthViewControllerDelegate.swift */ = {isa = PBXFileReference; lastKnownFileType = sourcecode.swift; path = AuthViewControllerDelegate.swift; sourceTree = "<group>"; };
		DD4B0F662C2066D900FD9468 /* ProfileImageService.swift */ = {isa = PBXFileReference; lastKnownFileType = sourcecode.swift; path = ProfileImageService.swift; sourceTree = "<group>"; };
		DD5705182C1B1FE80036B530 /* UIBlockingProgressHUD.swift */ = {isa = PBXFileReference; lastKnownFileType = sourcecode.swift; path = UIBlockingProgressHUD.swift; sourceTree = "<group>"; };
		DD85B6362C0D9D030075CF16 /* OAuth2Service.swift */ = {isa = PBXFileReference; lastKnownFileType = sourcecode.swift; path = OAuth2Service.swift; sourceTree = "<group>"; };
		DD85B6382C0DB6610075CF16 /* OAuthTokenResponseBody.swift */ = {isa = PBXFileReference; lastKnownFileType = sourcecode.swift; path = OAuthTokenResponseBody.swift; sourceTree = "<group>"; };
		DD85B63A2C0DB9530075CF16 /* OAuth2TokenStorage.swift */ = {isa = PBXFileReference; lastKnownFileType = sourcecode.swift; path = OAuth2TokenStorage.swift; sourceTree = "<group>"; };
		DD8D41CA2C1C2D6900605D3D /* ProfileService.swift */ = {isa = PBXFileReference; lastKnownFileType = sourcecode.swift; path = ProfileService.swift; sourceTree = "<group>"; };
		DDAE2E992BE6643100487B45 /* ImagesListCell.swift */ = {isa = PBXFileReference; lastKnownFileType = sourcecode.swift; path = ImagesListCell.swift; sourceTree = "<group>"; };
		DDC0B3172BE389550035E7DD /* ImageFeed.app */ = {isa = PBXFileReference; explicitFileType = wrapper.application; includeInIndex = 0; path = ImageFeed.app; sourceTree = BUILT_PRODUCTS_DIR; };
		DDC0B31A2BE389550035E7DD /* AppDelegate.swift */ = {isa = PBXFileReference; lastKnownFileType = sourcecode.swift; path = AppDelegate.swift; sourceTree = "<group>"; };
		DDC0B31C2BE389550035E7DD /* SceneDelegate.swift */ = {isa = PBXFileReference; lastKnownFileType = sourcecode.swift; path = SceneDelegate.swift; sourceTree = "<group>"; };
		DDC0B31E2BE389550035E7DD /* ImagesListViewController.swift */ = {isa = PBXFileReference; lastKnownFileType = sourcecode.swift; path = ImagesListViewController.swift; sourceTree = "<group>"; };
		DDC0B3212BE389550035E7DD /* Base */ = {isa = PBXFileReference; lastKnownFileType = file.storyboard; name = Base; path = Base.lproj/Main.storyboard; sourceTree = "<group>"; };
		DDC0B3232BE389580035E7DD /* Assets.xcassets */ = {isa = PBXFileReference; lastKnownFileType = folder.assetcatalog; path = Assets.xcassets; sourceTree = "<group>"; };
		DDC0B3262BE389580035E7DD /* Base */ = {isa = PBXFileReference; lastKnownFileType = file.storyboard; name = Base; path = Base.lproj/LaunchScreen.storyboard; sourceTree = "<group>"; };
		DDC0B3282BE389580035E7DD /* Info.plist */ = {isa = PBXFileReference; lastKnownFileType = text.plist.xml; path = Info.plist; sourceTree = "<group>"; };
		DDDB85152BF5DD650080188D /* ProfileViewController.swift */ = {isa = PBXFileReference; lastKnownFileType = sourcecode.swift; path = ProfileViewController.swift; sourceTree = "<group>"; };
		DDE760C12C0F25B600A2EA97 /* SplashViewController.swift */ = {isa = PBXFileReference; lastKnownFileType = sourcecode.swift; path = SplashViewController.swift; sourceTree = "<group>"; };
/* End PBXFileReference section */

/* Begin PBXFrameworksBuildPhase section */
		DDC0B3142BE389550035E7DD /* Frameworks */ = {
			isa = PBXFrameworksBuildPhase;
			buildActionMask = 2147483647;
			files = (
				DD3C2D602C201B31000A8F5D /* SwiftKeychainWrapper in Frameworks */,
				DD5705172C1AD8F40036B530 /* ProgressHUD in Frameworks */,
			);
			runOnlyForDeploymentPostprocessing = 0;
		};
/* End PBXFrameworksBuildPhase section */

/* Begin PBXGroup section */
		DD06B7342C0891EF0088A4F3 /* Auth */ = {
			isa = PBXGroup;
			children = (
				DD06B7352C0892080088A4F3 /* AuthViewController.swift */,
				DD4B0F622C204F6C00FD9468 /* AuthViewControllerDelegate.swift */,
				DD06B7372C0896840088A4F3 /* WebViewViewController.swift */,
				DD3C2D542C2006DB000A8F5D /* WebViewViewControllerDelegate.swift */,
			);
			path = Auth;
			sourceTree = "<group>";
		};
		DD0FE5A62BF7246D00D44645 /* SingleImageViewController */ = {
			isa = PBXGroup;
			children = (
				DD03F48D2BF71D8200D9BCFE /* SingleImageViewController.swift */,
			);
			path = SingleImageViewController;
			sourceTree = "<group>";
		};
		DD12C5822C215F9F00505F64 /* ErrorHandling */ = {
			isa = PBXGroup;
			children = (
				DD12C57E2C2158CD00505F64 /* ErrorHandling.swift */,
			);
			path = ErrorHandling;
			sourceTree = "<group>";
		};
		DD3C2D562C2008D1000A8F5D /* Models */ = {
			isa = PBXGroup;
			children = (
				DD85B6382C0DB6610075CF16 /* OAuthTokenResponseBody.swift */,
			);
			path = Models;
			sourceTree = "<group>";
		};
		DD3C2D632C202948000A8F5D /* Models */ = {
			isa = PBXGroup;
			children = (
				DD3C2D592C20096A000A8F5D /* ProfileResult.swift */,
				DD3C2D572C2008FF000A8F5D /* Profille.swift */,
				DD12C5832C21659C00505F64 /* UserResult.swift */,
			);
			path = Models;
			sourceTree = "<group>";
		};
		DD85B63C2C0DB9D20075CF16 /* NetworkServices */ = {
			isa = PBXGroup;
			children = (
				DD3C2D562C2008D1000A8F5D /* Models */,
				DD85B63A2C0DB9530075CF16 /* OAuth2TokenStorage.swift */,
				DD3C2D612C201B54000A8F5D /* OAuth2TokenStorageProtocol.swift */,
				DD85B6362C0D9D030075CF16 /* OAuth2Service.swift */,
			);
			path = NetworkServices;
			sourceTree = "<group>";
		};
		DDAE2E9B2BE6644000487B45 /* ImagesList */ = {
			isa = PBXGroup;
			children = (
				DDC0B31E2BE389550035E7DD /* ImagesListViewController.swift */,
				DDAE2E992BE6643100487B45 /* ImagesListCell.swift */,
			);
			path = ImagesList;
			sourceTree = "<group>";
		};
		DDC0B30E2BE389550035E7DD = {
			isa = PBXGroup;
			children = (
				DDC0B3192BE389550035E7DD /* ImageFeed */,
				DDC0B3182BE389550035E7DD /* Products */,
			);
			sourceTree = "<group>";
		};
		DDC0B3182BE389550035E7DD /* Products */ = {
			isa = PBXGroup;
			children = (
				DDC0B3172BE389550035E7DD /* ImageFeed.app */,
			);
			name = Products;
			sourceTree = "<group>";
		};
		DDC0B3192BE389550035E7DD /* ImageFeed */ = {
			isa = PBXGroup;
			children = (
				DDC0B31A2BE389550035E7DD /* AppDelegate.swift */,
				DDC0B31C2BE389550035E7DD /* SceneDelegate.swift */,
				DD06B7322C0855EB0088A4F3 /* Constants.swift */,
				DD5705182C1B1FE80036B530 /* UIBlockingProgressHUD.swift */,
				DD12C5822C215F9F00505F64 /* ErrorHandling */,
				DDE760C32C0F2C5C00A2EA97 /* SplashViewController */,
				DD85B63C2C0DB9D20075CF16 /* NetworkServices */,
				DD06B7342C0891EF0088A4F3 /* Auth */,
				DDDA5FA82BF5E31A006E395D /* Profile */,
				DDAE2E9B2BE6644000487B45 /* ImagesList */,
				DD0FE5A62BF7246D00D44645 /* SingleImageViewController */,
				DDC0B3202BE389550035E7DD /* Main.storyboard */,
				DDC0B3232BE389580035E7DD /* Assets.xcassets */,
				DDC0B3252BE389580035E7DD /* LaunchScreen.storyboard */,
				DDC0B3282BE389580035E7DD /* Info.plist */,
			);
			path = ImageFeed;
			sourceTree = "<group>";
		};
		DDDA5FA82BF5E31A006E395D /* Profile */ = {
			isa = PBXGroup;
			children = (
				DD3C2D632C202948000A8F5D /* Models */,
				DDDB85152BF5DD650080188D /* ProfileViewController.swift */,
				DD8D41CA2C1C2D6900605D3D /* ProfileService.swift */,
				DD4B0F662C2066D900FD9468 /* ProfileImageService.swift */,
			);
			path = Profile;
			sourceTree = "<group>";
		};
		DDE760C32C0F2C5C00A2EA97 /* SplashViewController */ = {
			isa = PBXGroup;
			children = (
				DDE760C12C0F25B600A2EA97 /* SplashViewController.swift */,
			);
			path = SplashViewController;
			sourceTree = "<group>";
		};
/* End PBXGroup section */

/* Begin PBXNativeTarget section */
		DDC0B3162BE389550035E7DD /* ImageFeed */ = {
			isa = PBXNativeTarget;
			buildConfigurationList = DDC0B32B2BE389580035E7DD /* Build configuration list for PBXNativeTarget "ImageFeed" */;
			buildPhases = (
				DDC0B3132BE389550035E7DD /* Sources */,
				DDC0B3142BE389550035E7DD /* Frameworks */,
				DDC0B3152BE389550035E7DD /* Resources */,
			);
			buildRules = (
			);
			dependencies = (
			);
			name = ImageFeed;
			packageProductDependencies = (
				DD5705162C1AD8F40036B530 /* ProgressHUD */,
				DD3C2D5F2C201B31000A8F5D /* SwiftKeychainWrapper */,
			);
			productName = ImageFeed;
			productReference = DDC0B3172BE389550035E7DD /* ImageFeed.app */;
			productType = "com.apple.product-type.application";
		};
/* End PBXNativeTarget section */

/* Begin PBXProject section */
		DDC0B30F2BE389550035E7DD /* Project object */ = {
			isa = PBXProject;
			attributes = {
				BuildIndependentTargetsInParallel = 1;
				LastSwiftUpdateCheck = 1530;
				LastUpgradeCheck = 1530;
				TargetAttributes = {
					DDC0B3162BE389550035E7DD = {
						CreatedOnToolsVersion = 15.3;
					};
				};
			};
			buildConfigurationList = DDC0B3122BE389550035E7DD /* Build configuration list for PBXProject "ImageFeed" */;
			compatibilityVersion = "Xcode 14.0";
			developmentRegion = en;
			hasScannedForEncodings = 0;
			knownRegions = (
				en,
				Base,
			);
			mainGroup = DDC0B30E2BE389550035E7DD;
			packageReferences = (
				DD5705152C1AD8F40036B530 /* XCRemoteSwiftPackageReference "ProgressHUD" */,
				DD3C2D5E2C201B31000A8F5D /* XCRemoteSwiftPackageReference "SwiftKeychainWrapper" */,
			);
			productRefGroup = DDC0B3182BE389550035E7DD /* Products */;
			projectDirPath = "";
			projectRoot = "";
			targets = (
				DDC0B3162BE389550035E7DD /* ImageFeed */,
			);
		};
/* End PBXProject section */

/* Begin PBXResourcesBuildPhase section */
		DDC0B3152BE389550035E7DD /* Resources */ = {
			isa = PBXResourcesBuildPhase;
			buildActionMask = 2147483647;
			files = (
				DD0FE5AC2BF73C7A00D44645 /* LaunchScreen.storyboard in Resources */,
				DD0FE5AB2BF73C5600D44645 /* Main.storyboard in Resources */,
				DDC0B3242BE389580035E7DD /* Assets.xcassets in Resources */,
			);
			runOnlyForDeploymentPostprocessing = 0;
		};
/* End PBXResourcesBuildPhase section */

/* Begin PBXSourcesBuildPhase section */
		DDC0B3132BE389550035E7DD /* Sources */ = {
			isa = PBXSourcesBuildPhase;
			buildActionMask = 2147483647;
			files = (
				DD85B63B2C0DB9530075CF16 /* OAuth2TokenStorage.swift in Sources */,
				DDC0B31F2BE389550035E7DD /* ImagesListViewController.swift in Sources */,
				DD3C2D5A2C20096A000A8F5D /* ProfileResult.swift in Sources */,
				DDAE2E9A2BE6643100487B45 /* ImagesListCell.swift in Sources */,
				DDDB85162BF5DD650080188D /* ProfileViewController.swift in Sources */,
				DD4B0F632C204F6C00FD9468 /* AuthViewControllerDelegate.swift in Sources */,
				DD12C5842C21659C00505F64 /* UserResult.swift in Sources */,
				DDC0B31B2BE389550035E7DD /* AppDelegate.swift in Sources */,
				DD85B6392C0DB6610075CF16 /* OAuthTokenResponseBody.swift in Sources */,
				DDE760C22C0F25B600A2EA97 /* SplashViewController.swift in Sources */,
				DD12C57F2C2158CD00505F64 /* ErrorHandling.swift in Sources */,
				DD06B7362C0892080088A4F3 /* AuthViewController.swift in Sources */,
				DD06B7332C0855EB0088A4F3 /* Constants.swift in Sources */,
				DD3C2D552C2006DB000A8F5D /* WebViewViewControllerDelegate.swift in Sources */,
				DD03F48E2BF71D8200D9BCFE /* SingleImageViewController.swift in Sources */,
				DD06B7382C0896840088A4F3 /* WebViewViewController.swift in Sources */,
				DD85B6372C0D9D030075CF16 /* OAuth2Service.swift in Sources */,
				DD4B0F672C2066D900FD9468 /* ProfileImageService.swift in Sources */,
				DDC0B31D2BE389550035E7DD /* SceneDelegate.swift in Sources */,
				DD5705192C1B1FE80036B530 /* UIBlockingProgressHUD.swift in Sources */,
				DD3C2D582C2008FF000A8F5D /* Profille.swift in Sources */,
				DD3C2D622C201B54000A8F5D /* OAuth2TokenStorageProtocol.swift in Sources */,
				DD8D41CB2C1C2D6900605D3D /* ProfileService.swift in Sources */,
			);
			runOnlyForDeploymentPostprocessing = 0;
		};
/* End PBXSourcesBuildPhase section */

/* Begin PBXVariantGroup section */
		DDC0B3202BE389550035E7DD /* Main.storyboard */ = {
			isa = PBXVariantGroup;
			children = (
				DDC0B3212BE389550035E7DD /* Base */,
			);
			name = Main.storyboard;
			sourceTree = "<group>";
		};
		DDC0B3252BE389580035E7DD /* LaunchScreen.storyboard */ = {
			isa = PBXVariantGroup;
			children = (
				DDC0B3262BE389580035E7DD /* Base */,
			);
			name = LaunchScreen.storyboard;
			sourceTree = "<group>";
		};
/* End PBXVariantGroup section */

/* Begin XCBuildConfiguration section */
		DDC0B3292BE389580035E7DD /* Debug */ = {
			isa = XCBuildConfiguration;
			buildSettings = {
				ALWAYS_SEARCH_USER_PATHS = NO;
				ASSETCATALOG_COMPILER_GENERATE_SWIFT_ASSET_SYMBOL_EXTENSIONS = YES;
				CLANG_ANALYZER_NONNULL = YES;
				CLANG_ANALYZER_NUMBER_OBJECT_CONVERSION = YES_AGGRESSIVE;
				CLANG_CXX_LANGUAGE_STANDARD = "gnu++20";
				CLANG_ENABLE_MODULES = YES;
				CLANG_ENABLE_OBJC_ARC = YES;
				CLANG_ENABLE_OBJC_WEAK = YES;
				CLANG_WARN_BLOCK_CAPTURE_AUTORELEASING = YES;
				CLANG_WARN_BOOL_CONVERSION = YES;
				CLANG_WARN_COMMA = YES;
				CLANG_WARN_CONSTANT_CONVERSION = YES;
				CLANG_WARN_DEPRECATED_OBJC_IMPLEMENTATIONS = YES;
				CLANG_WARN_DIRECT_OBJC_ISA_USAGE = YES_ERROR;
				CLANG_WARN_DOCUMENTATION_COMMENTS = YES;
				CLANG_WARN_EMPTY_BODY = YES;
				CLANG_WARN_ENUM_CONVERSION = YES;
				CLANG_WARN_INFINITE_RECURSION = YES;
				CLANG_WARN_INT_CONVERSION = YES;
				CLANG_WARN_NON_LITERAL_NULL_CONVERSION = YES;
				CLANG_WARN_OBJC_IMPLICIT_RETAIN_SELF = YES;
				CLANG_WARN_OBJC_LITERAL_CONVERSION = YES;
				CLANG_WARN_OBJC_ROOT_CLASS = YES_ERROR;
				CLANG_WARN_QUOTED_INCLUDE_IN_FRAMEWORK_HEADER = YES;
				CLANG_WARN_RANGE_LOOP_ANALYSIS = YES;
				CLANG_WARN_STRICT_PROTOTYPES = YES;
				CLANG_WARN_SUSPICIOUS_MOVE = YES;
				CLANG_WARN_UNGUARDED_AVAILABILITY = YES_AGGRESSIVE;
				CLANG_WARN_UNREACHABLE_CODE = YES;
				CLANG_WARN__DUPLICATE_METHOD_MATCH = YES;
				COPY_PHASE_STRIP = NO;
				DEBUG_INFORMATION_FORMAT = dwarf;
				ENABLE_STRICT_OBJC_MSGSEND = YES;
				ENABLE_TESTABILITY = YES;
				ENABLE_USER_SCRIPT_SANDBOXING = YES;
				GCC_C_LANGUAGE_STANDARD = gnu17;
				GCC_DYNAMIC_NO_PIC = NO;
				GCC_NO_COMMON_BLOCKS = YES;
				GCC_OPTIMIZATION_LEVEL = 0;
				GCC_PREPROCESSOR_DEFINITIONS = (
					"DEBUG=1",
					"$(inherited)",
				);
				GCC_WARN_64_TO_32_BIT_CONVERSION = YES;
				GCC_WARN_ABOUT_RETURN_TYPE = YES_ERROR;
				GCC_WARN_UNDECLARED_SELECTOR = YES;
				GCC_WARN_UNINITIALIZED_AUTOS = YES_AGGRESSIVE;
				GCC_WARN_UNUSED_FUNCTION = YES;
				GCC_WARN_UNUSED_VARIABLE = YES;
				IPHONEOS_DEPLOYMENT_TARGET = 17.4;
				LOCALIZATION_PREFERS_STRING_CATALOGS = YES;
				MTL_ENABLE_DEBUG_INFO = INCLUDE_SOURCE;
				MTL_FAST_MATH = YES;
				ONLY_ACTIVE_ARCH = YES;
				SDKROOT = iphoneos;
				SWIFT_ACTIVE_COMPILATION_CONDITIONS = "DEBUG $(inherited)";
				SWIFT_OPTIMIZATION_LEVEL = "-Onone";
			};
			name = Debug;
		};
		DDC0B32A2BE389580035E7DD /* Release */ = {
			isa = XCBuildConfiguration;
			buildSettings = {
				ALWAYS_SEARCH_USER_PATHS = NO;
				ASSETCATALOG_COMPILER_GENERATE_SWIFT_ASSET_SYMBOL_EXTENSIONS = YES;
				CLANG_ANALYZER_NONNULL = YES;
				CLANG_ANALYZER_NUMBER_OBJECT_CONVERSION = YES_AGGRESSIVE;
				CLANG_CXX_LANGUAGE_STANDARD = "gnu++20";
				CLANG_ENABLE_MODULES = YES;
				CLANG_ENABLE_OBJC_ARC = YES;
				CLANG_ENABLE_OBJC_WEAK = YES;
				CLANG_WARN_BLOCK_CAPTURE_AUTORELEASING = YES;
				CLANG_WARN_BOOL_CONVERSION = YES;
				CLANG_WARN_COMMA = YES;
				CLANG_WARN_CONSTANT_CONVERSION = YES;
				CLANG_WARN_DEPRECATED_OBJC_IMPLEMENTATIONS = YES;
				CLANG_WARN_DIRECT_OBJC_ISA_USAGE = YES_ERROR;
				CLANG_WARN_DOCUMENTATION_COMMENTS = YES;
				CLANG_WARN_EMPTY_BODY = YES;
				CLANG_WARN_ENUM_CONVERSION = YES;
				CLANG_WARN_INFINITE_RECURSION = YES;
				CLANG_WARN_INT_CONVERSION = YES;
				CLANG_WARN_NON_LITERAL_NULL_CONVERSION = YES;
				CLANG_WARN_OBJC_IMPLICIT_RETAIN_SELF = YES;
				CLANG_WARN_OBJC_LITERAL_CONVERSION = YES;
				CLANG_WARN_OBJC_ROOT_CLASS = YES_ERROR;
				CLANG_WARN_QUOTED_INCLUDE_IN_FRAMEWORK_HEADER = YES;
				CLANG_WARN_RANGE_LOOP_ANALYSIS = YES;
				CLANG_WARN_STRICT_PROTOTYPES = YES;
				CLANG_WARN_SUSPICIOUS_MOVE = YES;
				CLANG_WARN_UNGUARDED_AVAILABILITY = YES_AGGRESSIVE;
				CLANG_WARN_UNREACHABLE_CODE = YES;
				CLANG_WARN__DUPLICATE_METHOD_MATCH = YES;
				COPY_PHASE_STRIP = NO;
				DEBUG_INFORMATION_FORMAT = "dwarf-with-dsym";
				ENABLE_NS_ASSERTIONS = NO;
				ENABLE_STRICT_OBJC_MSGSEND = YES;
				ENABLE_USER_SCRIPT_SANDBOXING = YES;
				GCC_C_LANGUAGE_STANDARD = gnu17;
				GCC_NO_COMMON_BLOCKS = YES;
				GCC_WARN_64_TO_32_BIT_CONVERSION = YES;
				GCC_WARN_ABOUT_RETURN_TYPE = YES_ERROR;
				GCC_WARN_UNDECLARED_SELECTOR = YES;
				GCC_WARN_UNINITIALIZED_AUTOS = YES_AGGRESSIVE;
				GCC_WARN_UNUSED_FUNCTION = YES;
				GCC_WARN_UNUSED_VARIABLE = YES;
				IPHONEOS_DEPLOYMENT_TARGET = 17.4;
				LOCALIZATION_PREFERS_STRING_CATALOGS = YES;
				MTL_ENABLE_DEBUG_INFO = NO;
				MTL_FAST_MATH = YES;
				SDKROOT = iphoneos;
				SWIFT_COMPILATION_MODE = wholemodule;
				VALIDATE_PRODUCT = YES;
			};
			name = Release;
		};
		DDC0B32C2BE389580035E7DD /* Debug */ = {
			isa = XCBuildConfiguration;
			buildSettings = {
				ASSETCATALOG_COMPILER_APPICON_NAME = AppIcon;
				ASSETCATALOG_COMPILER_GLOBAL_ACCENT_COLOR_NAME = AccentColor;
				CODE_SIGN_STYLE = Automatic;
				CURRENT_PROJECT_VERSION = 1;
				DEVELOPMENT_TEAM = NR5Q88774S;
				GENERATE_INFOPLIST_FILE = YES;
				INFOPLIST_FILE = ImageFeed/Info.plist;
				INFOPLIST_KEY_UIApplicationSupportsIndirectInputEvents = YES;
				INFOPLIST_KEY_UILaunchStoryboardName = LaunchScreen;
				INFOPLIST_KEY_UIMainStoryboardFile = Main;
				INFOPLIST_KEY_UIStatusBarStyle = "";
				INFOPLIST_KEY_UISupportedInterfaceOrientations = UIInterfaceOrientationPortrait;
				INFOPLIST_KEY_UISupportedInterfaceOrientations_iPad = "UIInterfaceOrientationLandscapeLeft UIInterfaceOrientationLandscapeRight UIInterfaceOrientationPortrait UIInterfaceOrientationPortraitUpsideDown";
				IPHONEOS_DEPLOYMENT_TARGET = 17.0;
				LD_RUNPATH_SEARCH_PATHS = (
					"$(inherited)",
					"@executable_path/Frameworks",
				);
				MARKETING_VERSION = 1.0;
				PRODUCT_BUNDLE_IDENTIFIER = com.github.EntityVadim.ImageFeed;
				PRODUCT_NAME = "$(TARGET_NAME)";
				SUPPORTED_PLATFORMS = "iphoneos iphonesimulator";
				SUPPORTS_MACCATALYST = NO;
				SWIFT_EMIT_LOC_STRINGS = YES;
				SWIFT_VERSION = 5.0;
				TARGETED_DEVICE_FAMILY = 1;
			};
			name = Debug;
		};
		DDC0B32D2BE389580035E7DD /* Release */ = {
			isa = XCBuildConfiguration;
			buildSettings = {
				ASSETCATALOG_COMPILER_APPICON_NAME = AppIcon;
				ASSETCATALOG_COMPILER_GLOBAL_ACCENT_COLOR_NAME = AccentColor;
				CODE_SIGN_STYLE = Automatic;
				CURRENT_PROJECT_VERSION = 1;
				DEVELOPMENT_TEAM = NR5Q88774S;
				GENERATE_INFOPLIST_FILE = YES;
				INFOPLIST_FILE = ImageFeed/Info.plist;
				INFOPLIST_KEY_UIApplicationSupportsIndirectInputEvents = YES;
				INFOPLIST_KEY_UILaunchStoryboardName = LaunchScreen;
				INFOPLIST_KEY_UIMainStoryboardFile = Main;
				INFOPLIST_KEY_UIStatusBarStyle = "";
				INFOPLIST_KEY_UISupportedInterfaceOrientations = UIInterfaceOrientationPortrait;
				INFOPLIST_KEY_UISupportedInterfaceOrientations_iPad = "UIInterfaceOrientationLandscapeLeft UIInterfaceOrientationLandscapeRight UIInterfaceOrientationPortrait UIInterfaceOrientationPortraitUpsideDown";
				IPHONEOS_DEPLOYMENT_TARGET = 17.0;
				LD_RUNPATH_SEARCH_PATHS = (
					"$(inherited)",
					"@executable_path/Frameworks",
				);
				MARKETING_VERSION = 1.0;
				PRODUCT_BUNDLE_IDENTIFIER = com.github.EntityVadim.ImageFeed;
				PRODUCT_NAME = "$(TARGET_NAME)";
				SUPPORTED_PLATFORMS = "iphoneos iphonesimulator";
				SUPPORTS_MACCATALYST = NO;
				SWIFT_EMIT_LOC_STRINGS = YES;
				SWIFT_VERSION = 5.0;
				TARGETED_DEVICE_FAMILY = 1;
			};
			name = Release;
		};
/* End XCBuildConfiguration section */

/* Begin XCConfigurationList section */
		DDC0B3122BE389550035E7DD /* Build configuration list for PBXProject "ImageFeed" */ = {
			isa = XCConfigurationList;
			buildConfigurations = (
				DDC0B3292BE389580035E7DD /* Debug */,
				DDC0B32A2BE389580035E7DD /* Release */,
			);
			defaultConfigurationIsVisible = 0;
			defaultConfigurationName = Release;
		};
		DDC0B32B2BE389580035E7DD /* Build configuration list for PBXNativeTarget "ImageFeed" */ = {
			isa = XCConfigurationList;
			buildConfigurations = (
				DDC0B32C2BE389580035E7DD /* Debug */,
				DDC0B32D2BE389580035E7DD /* Release */,
			);
			defaultConfigurationIsVisible = 0;
			defaultConfigurationName = Release;
		};
/* End XCConfigurationList section */

/* Begin XCRemoteSwiftPackageReference section */
		DD3C2D5E2C201B31000A8F5D /* XCRemoteSwiftPackageReference "SwiftKeychainWrapper" */ = {
			isa = XCRemoteSwiftPackageReference;
			repositoryURL = "https://github.com/jrendel/SwiftKeychainWrapper";
			requirement = {
				kind = upToNextMajorVersion;
				minimumVersion = 4.0.1;
			};
		};
		DD5705152C1AD8F40036B530 /* XCRemoteSwiftPackageReference "ProgressHUD" */ = {
			isa = XCRemoteSwiftPackageReference;
			repositoryURL = "https://github.com/relatedcode/ProgressHUD";
			requirement = {
				kind = exactVersion;
				version = 14.1.3;
			};
		};
/* End XCRemoteSwiftPackageReference section */

/* Begin XCSwiftPackageProductDependency section */
		DD3C2D5F2C201B31000A8F5D /* SwiftKeychainWrapper */ = {
			isa = XCSwiftPackageProductDependency;
			package = DD3C2D5E2C201B31000A8F5D /* XCRemoteSwiftPackageReference "SwiftKeychainWrapper" */;
			productName = SwiftKeychainWrapper;
		};
		DD5705162C1AD8F40036B530 /* ProgressHUD */ = {
			isa = XCSwiftPackageProductDependency;
			package = DD5705152C1AD8F40036B530 /* XCRemoteSwiftPackageReference "ProgressHUD" */;
			productName = ProgressHUD;
		};
/* End XCSwiftPackageProductDependency section */
	};
	rootObject = DDC0B30F2BE389550035E7DD /* Project object */;
}
