// !$*UTF8*$!
{
	archiveVersion = 1;
	classes = {
	};
	objectVersion = 56;
	objects = {

/* Begin PBXBuildFile section */
		DD03F48E2BF71D8200D9BCFE /* SingleImageViewController.swift in Sources */ = {isa = PBXBuildFile; fileRef = DD03F48D2BF71D8200D9BCFE /* SingleImageViewController.swift */; };
		DD06B7332C0855EB0088A4F3 /* Constants.swift in Sources */ = {isa = PBXBuildFile; fileRef = DD06B7322C0855EB0088A4F3 /* Constants.swift */; };
		DD06B7362C0892080088A4F3 /* AuthViewController.swift in Sources */ = {isa = PBXBuildFile; fileRef = DD06B7352C0892080088A4F3 /* AuthViewController.swift */; };
		DD06B7382C0896840088A4F3 /* WebViewViewController.swift in Sources */ = {isa = PBXBuildFile; fileRef = DD06B7372C0896840088A4F3 /* WebViewViewController.swift */; };
		DD0FE5AB2BF73C5600D44645 /* Main.storyboard in Resources */ = {isa = PBXBuildFile; fileRef = DDC0B3202BE389550035E7DD /* Main.storyboard */; };
		DD0FE5AC2BF73C7A00D44645 /* LaunchScreen.storyboard in Resources */ = {isa = PBXBuildFile; fileRef = DDC0B3252BE389580035E7DD /* LaunchScreen.storyboard */; };
		DD12C57F2C2158CD00505F64 /* NetworkError.swift in Sources */ = {isa = PBXBuildFile; fileRef = DD12C57E2C2158CD00505F64 /* NetworkError.swift */; };
		DD12C5842C21659C00505F64 /* UserResult.swift in Sources */ = {isa = PBXBuildFile; fileRef = DD12C5832C21659C00505F64 /* UserResult.swift */; };
		DD12C58B2C21B98800505F64 /* ProfileResult.swift in Sources */ = {isa = PBXBuildFile; fileRef = DD12C58A2C21B98800505F64 /* ProfileResult.swift */; };
		DD32A63F2C32B561004264CF /* ImagesListCellDelegate.swift in Sources */ = {isa = PBXBuildFile; fileRef = DD32A63E2C32B561004264CF /* ImagesListCellDelegate.swift */; };
		DD37129F2C47A1BB0046657F /* ImageFeedUITests.swift in Sources */ = {isa = PBXBuildFile; fileRef = DD37129E2C47A1BB0046657F /* ImageFeedUITests.swift */; };
		DD3C2D552C2006DB000A8F5D /* WebViewViewControllerDelegate.swift in Sources */ = {isa = PBXBuildFile; fileRef = DD3C2D542C2006DB000A8F5D /* WebViewViewControllerDelegate.swift */; };
		DD3C2D622C201B54000A8F5D /* OAuth2TokenStorageProtocol.swift in Sources */ = {isa = PBXBuildFile; fileRef = DD3C2D612C201B54000A8F5D /* OAuth2TokenStorageProtocol.swift */; };
		DD4012442C4531BD00713D7E /* WebViewPresenter.swift in Sources */ = {isa = PBXBuildFile; fileRef = DD4012432C4531BD00713D7E /* WebViewPresenter.swift */; };
		DD4B0F632C204F6C00FD9468 /* AuthViewControllerDelegate.swift in Sources */ = {isa = PBXBuildFile; fileRef = DD4B0F622C204F6C00FD9468 /* AuthViewControllerDelegate.swift */; };
		DD4B0F672C2066D900FD9468 /* ProfileImageService.swift in Sources */ = {isa = PBXBuildFile; fileRef = DD4B0F662C2066D900FD9468 /* ProfileImageService.swift */; };
		DD5705192C1B1FE80036B530 /* UIBlockingProgressHUD.swift in Sources */ = {isa = PBXBuildFile; fileRef = DD5705182C1B1FE80036B530 /* UIBlockingProgressHUD.swift */; };
		DD58A6A92C4650F100ABE4AC /* ProgressHUD in Frameworks */ = {isa = PBXBuildFile; productRef = DD58A6A82C4650F100ABE4AC /* ProgressHUD */; };
		DD58A6AB2C4650F500ABE4AC /* Kingfisher in Frameworks */ = {isa = PBXBuildFile; productRef = DD58A6AA2C4650F500ABE4AC /* Kingfisher */; };
		DD58A6AD2C4650FA00ABE4AC /* SwiftKeychainWrapper in Frameworks */ = {isa = PBXBuildFile; productRef = DD58A6AC2C4650FA00ABE4AC /* SwiftKeychainWrapper */; };
		DD58A6AF2C46513900ABE4AC /* ProgressHUD in Frameworks */ = {isa = PBXBuildFile; productRef = DD58A6AE2C46513900ABE4AC /* ProgressHUD */; };
		DD58A6B12C46513D00ABE4AC /* SwiftKeychainWrapper in Frameworks */ = {isa = PBXBuildFile; productRef = DD58A6B02C46513D00ABE4AC /* SwiftKeychainWrapper */; };
		DD58A6B32C46514100ABE4AC /* Kingfisher in Frameworks */ = {isa = PBXBuildFile; productRef = DD58A6B22C46514100ABE4AC /* Kingfisher */; };
		DD6215D22C245E2100A73840 /* TabBarController.swift in Sources */ = {isa = PBXBuildFile; fileRef = DD6215D12C245E2100A73840 /* TabBarController.swift */; };
		DD75AF462C4556CF00ED98DE /* AuthConfiguration.swift in Sources */ = {isa = PBXBuildFile; fileRef = DD75AF452C4556CF00ED98DE /* AuthConfiguration.swift */; };
		DD75AF4F2C455BF200ED98DE /* AuthHelperProtocol.swift in Sources */ = {isa = PBXBuildFile; fileRef = DD75AF4E2C455BF200ED98DE /* AuthHelperProtocol.swift */; };
		DD75AF512C455C3400ED98DE /* AuthHelper.swift in Sources */ = {isa = PBXBuildFile; fileRef = DD75AF502C455C3400ED98DE /* AuthHelper.swift */; };
		DD76F1142C32CB67005823D7 /* ProfileLogoutService.swift in Sources */ = {isa = PBXBuildFile; fileRef = DD76F1132C32CB67005823D7 /* ProfileLogoutService.swift */; };
		DD7DC2EE2C463F870009C5A6 /* WebViewTests.swift in Sources */ = {isa = PBXBuildFile; fileRef = DD7DC2ED2C463F870009C5A6 /* WebViewTests.swift */; };
		DD85B6372C0D9D030075CF16 /* OAuth2Service.swift in Sources */ = {isa = PBXBuildFile; fileRef = DD85B6362C0D9D030075CF16 /* OAuth2Service.swift */; };
		DD85B6392C0DB6610075CF16 /* OAuthTokenResponseBody.swift in Sources */ = {isa = PBXBuildFile; fileRef = DD85B6382C0DB6610075CF16 /* OAuthTokenResponseBody.swift */; };
		DD85B63B2C0DB9530075CF16 /* OAuth2TokenStorage.swift in Sources */ = {isa = PBXBuildFile; fileRef = DD85B63A2C0DB9530075CF16 /* OAuth2TokenStorage.swift */; };
		DD865F622C3FB435000E6A57 /* ResponseDecoder.swift in Sources */ = {isa = PBXBuildFile; fileRef = DD865F612C3FB435000E6A57 /* ResponseDecoder.swift */; };
		DD8D41CB2C1C2D6900605D3D /* ProfileService.swift in Sources */ = {isa = PBXBuildFile; fileRef = DD8D41CA2C1C2D6900605D3D /* ProfileService.swift */; };
		DD9BDCAC2C46948E00B0AA56 /* ImagesListViewControllerTests.swift in Sources */ = {isa = PBXBuildFile; fileRef = DD9BDCAB2C46948E00B0AA56 /* ImagesListViewControllerTests.swift */; };
		DD9BDCAE2C4694A100B0AA56 /* ImagesListSpy.swift in Sources */ = {isa = PBXBuildFile; fileRef = DD9BDCAD2C4694A100B0AA56 /* ImagesListSpy.swift */; };
		DD9ED9492C2D5C91003448C8 /* Photo.swift in Sources */ = {isa = PBXBuildFile; fileRef = DD9ED9482C2D5C91003448C8 /* Photo.swift */; };
		DD9ED94B2C2D5CE1003448C8 /* ImagesListService.swift in Sources */ = {isa = PBXBuildFile; fileRef = DD9ED94A2C2D5CE1003448C8 /* ImagesListService.swift */; };
		DD9F67692C2D75B600F08335 /* PhotoResult.swift in Sources */ = {isa = PBXBuildFile; fileRef = DD9F67682C2D75B600F08335 /* PhotoResult.swift */; };
		DDAE2E9A2BE6643100487B45 /* ImagesListCell.swift in Sources */ = {isa = PBXBuildFile; fileRef = DDAE2E992BE6643100487B45 /* ImagesListCell.swift */; };
		DDC0B31B2BE389550035E7DD /* AppDelegate.swift in Sources */ = {isa = PBXBuildFile; fileRef = DDC0B31A2BE389550035E7DD /* AppDelegate.swift */; };
		DDC0B31D2BE389550035E7DD /* SceneDelegate.swift in Sources */ = {isa = PBXBuildFile; fileRef = DDC0B31C2BE389550035E7DD /* SceneDelegate.swift */; };
		DDC0B31F2BE389550035E7DD /* ImagesListViewController.swift in Sources */ = {isa = PBXBuildFile; fileRef = DDC0B31E2BE389550035E7DD /* ImagesListViewController.swift */; };
		DDC0B3242BE389580035E7DD /* Assets.xcassets in Resources */ = {isa = PBXBuildFile; fileRef = DDC0B3232BE389580035E7DD /* Assets.xcassets */; };
		DDD4EB892C466BAF00B2D838 /* ProfileViewControllerTests.swift in Sources */ = {isa = PBXBuildFile; fileRef = DDD4EB882C466BAF00B2D838 /* ProfileViewControllerTests.swift */; };
		DDD4EB8B2C466BD500B2D838 /* ProfileSpy.swift in Sources */ = {isa = PBXBuildFile; fileRef = DDD4EB8A2C466BD500B2D838 /* ProfileSpy.swift */; };
		DDD79D362C3983CB009D3C25 /* NetworkErrorProtocol.swift in Sources */ = {isa = PBXBuildFile; fileRef = DDD79D352C3983CB009D3C25 /* NetworkErrorProtocol.swift */; };
		DDD8FB512C465B4F00211541 /* ProfilePresenterProtocol.swift in Sources */ = {isa = PBXBuildFile; fileRef = DDD8FB502C465B4F00211541 /* ProfilePresenterProtocol.swift */; };
		DDD8FB532C465B8700211541 /* ProfilePresenter.swift in Sources */ = {isa = PBXBuildFile; fileRef = DDD8FB522C465B8700211541 /* ProfilePresenter.swift */; };
		DDD8FB592C4662A200211541 /* ImagesListPresenter.swift in Sources */ = {isa = PBXBuildFile; fileRef = DDD8FB582C4662A200211541 /* ImagesListPresenter.swift */; };
		DDDB85162BF5DD650080188D /* ProfileViewController.swift in Sources */ = {isa = PBXBuildFile; fileRef = DDDB85152BF5DD650080188D /* ProfileViewController.swift */; };
		DDE760C22C0F25B600A2EA97 /* SplashViewController.swift in Sources */ = {isa = PBXBuildFile; fileRef = DDE760C12C0F25B600A2EA97 /* SplashViewController.swift */; };
		DDEAB4562C4647470032D79F /* WebViewSpy.swift in Sources */ = {isa = PBXBuildFile; fileRef = DDEAB4552C4647470032D79F /* WebViewSpy.swift */; };
/* End PBXBuildFile section */

/* Begin PBXContainerItemProxy section */
		DD3712A22C47A1BB0046657F /* PBXContainerItemProxy */ = {
			isa = PBXContainerItemProxy;
			containerPortal = DDC0B30F2BE389550035E7DD /* Project object */;
			proxyType = 1;
			remoteGlobalIDString = DDC0B3162BE389550035E7DD;
			remoteInfo = ImageFeed;
		};
		DD7DC2EF2C463F870009C5A6 /* PBXContainerItemProxy */ = {
			isa = PBXContainerItemProxy;
			containerPortal = DDC0B30F2BE389550035E7DD /* Project object */;
			proxyType = 1;
			remoteGlobalIDString = DDC0B3162BE389550035E7DD;
			remoteInfo = ImageFeed;
		};
/* End PBXContainerItemProxy section */

/* Begin PBXFileReference section */
		DD03F48D2BF71D8200D9BCFE /* SingleImageViewController.swift */ = {isa = PBXFileReference; lastKnownFileType = sourcecode.swift; path = SingleImageViewController.swift; sourceTree = "<group>"; };
		DD06B7322C0855EB0088A4F3 /* Constants.swift */ = {isa = PBXFileReference; lastKnownFileType = sourcecode.swift; path = Constants.swift; sourceTree = "<group>"; };
		DD06B7352C0892080088A4F3 /* AuthViewController.swift */ = {isa = PBXFileReference; lastKnownFileType = sourcecode.swift; path = AuthViewController.swift; sourceTree = "<group>"; };
		DD06B7372C0896840088A4F3 /* WebViewViewController.swift */ = {isa = PBXFileReference; lastKnownFileType = sourcecode.swift; path = WebViewViewController.swift; sourceTree = "<group>"; };
		DD12C57E2C2158CD00505F64 /* NetworkError.swift */ = {isa = PBXFileReference; lastKnownFileType = sourcecode.swift; path = NetworkError.swift; sourceTree = "<group>"; };
		DD12C5832C21659C00505F64 /* UserResult.swift */ = {isa = PBXFileReference; lastKnownFileType = sourcecode.swift; path = UserResult.swift; sourceTree = "<group>"; };
		DD12C58A2C21B98800505F64 /* ProfileResult.swift */ = {isa = PBXFileReference; lastKnownFileType = sourcecode.swift; path = ProfileResult.swift; sourceTree = "<group>"; };
		DD32A63E2C32B561004264CF /* ImagesListCellDelegate.swift */ = {isa = PBXFileReference; lastKnownFileType = sourcecode.swift; path = ImagesListCellDelegate.swift; sourceTree = "<group>"; };
		DD37129C2C47A1BB0046657F /* ImageFeedUITests.xctest */ = {isa = PBXFileReference; explicitFileType = wrapper.cfbundle; includeInIndex = 0; path = ImageFeedUITests.xctest; sourceTree = BUILT_PRODUCTS_DIR; };
		DD37129E2C47A1BB0046657F /* ImageFeedUITests.swift */ = {isa = PBXFileReference; lastKnownFileType = sourcecode.swift; path = ImageFeedUITests.swift; sourceTree = "<group>"; };
		DD3C2D542C2006DB000A8F5D /* WebViewViewControllerDelegate.swift */ = {isa = PBXFileReference; lastKnownFileType = sourcecode.swift; path = WebViewViewControllerDelegate.swift; sourceTree = "<group>"; };
		DD3C2D612C201B54000A8F5D /* OAuth2TokenStorageProtocol.swift */ = {isa = PBXFileReference; lastKnownFileType = sourcecode.swift; path = OAuth2TokenStorageProtocol.swift; sourceTree = "<group>"; };
		DD4012432C4531BD00713D7E /* WebViewPresenter.swift */ = {isa = PBXFileReference; lastKnownFileType = sourcecode.swift; path = WebViewPresenter.swift; sourceTree = "<group>"; };
		DD4B0F622C204F6C00FD9468 /* AuthViewControllerDelegate.swift */ = {isa = PBXFileReference; lastKnownFileType = sourcecode.swift; path = AuthViewControllerDelegate.swift; sourceTree = "<group>"; };
		DD4B0F662C2066D900FD9468 /* ProfileImageService.swift */ = {isa = PBXFileReference; lastKnownFileType = sourcecode.swift; path = ProfileImageService.swift; sourceTree = "<group>"; };
		DD5705182C1B1FE80036B530 /* UIBlockingProgressHUD.swift */ = {isa = PBXFileReference; lastKnownFileType = sourcecode.swift; path = UIBlockingProgressHUD.swift; sourceTree = "<group>"; };
		DD6215D12C245E2100A73840 /* TabBarController.swift */ = {isa = PBXFileReference; lastKnownFileType = sourcecode.swift; path = TabBarController.swift; sourceTree = "<group>"; };
		DD75AF452C4556CF00ED98DE /* AuthConfiguration.swift */ = {isa = PBXFileReference; lastKnownFileType = sourcecode.swift; path = AuthConfiguration.swift; sourceTree = "<group>"; };
		DD75AF4E2C455BF200ED98DE /* AuthHelperProtocol.swift */ = {isa = PBXFileReference; lastKnownFileType = sourcecode.swift; path = AuthHelperProtocol.swift; sourceTree = "<group>"; };
		DD75AF502C455C3400ED98DE /* AuthHelper.swift */ = {isa = PBXFileReference; lastKnownFileType = sourcecode.swift; path = AuthHelper.swift; sourceTree = "<group>"; };
		DD76F1132C32CB67005823D7 /* ProfileLogoutService.swift */ = {isa = PBXFileReference; lastKnownFileType = sourcecode.swift; path = ProfileLogoutService.swift; sourceTree = "<group>"; };
		DD7DC2EB2C463F870009C5A6 /* ImageFeedTests.xctest */ = {isa = PBXFileReference; explicitFileType = wrapper.cfbundle; includeInIndex = 0; path = ImageFeedTests.xctest; sourceTree = BUILT_PRODUCTS_DIR; };
		DD7DC2ED2C463F870009C5A6 /* WebViewTests.swift */ = {isa = PBXFileReference; lastKnownFileType = sourcecode.swift; path = WebViewTests.swift; sourceTree = "<group>"; };
		DD85B6362C0D9D030075CF16 /* OAuth2Service.swift */ = {isa = PBXFileReference; lastKnownFileType = sourcecode.swift; path = OAuth2Service.swift; sourceTree = "<group>"; };
		DD85B6382C0DB6610075CF16 /* OAuthTokenResponseBody.swift */ = {isa = PBXFileReference; lastKnownFileType = sourcecode.swift; path = OAuthTokenResponseBody.swift; sourceTree = "<group>"; };
		DD85B63A2C0DB9530075CF16 /* OAuth2TokenStorage.swift */ = {isa = PBXFileReference; lastKnownFileType = sourcecode.swift; path = OAuth2TokenStorage.swift; sourceTree = "<group>"; };
		DD865F612C3FB435000E6A57 /* ResponseDecoder.swift */ = {isa = PBXFileReference; lastKnownFileType = sourcecode.swift; path = ResponseDecoder.swift; sourceTree = "<group>"; };
		DD8D41CA2C1C2D6900605D3D /* ProfileService.swift */ = {isa = PBXFileReference; lastKnownFileType = sourcecode.swift; path = ProfileService.swift; sourceTree = "<group>"; };
		DD9BDCAB2C46948E00B0AA56 /* ImagesListViewControllerTests.swift */ = {isa = PBXFileReference; lastKnownFileType = sourcecode.swift; path = ImagesListViewControllerTests.swift; sourceTree = "<group>"; };
		DD9BDCAD2C4694A100B0AA56 /* ImagesListSpy.swift */ = {isa = PBXFileReference; lastKnownFileType = sourcecode.swift; path = ImagesListSpy.swift; sourceTree = "<group>"; };
		DD9ED9482C2D5C91003448C8 /* Photo.swift */ = {isa = PBXFileReference; lastKnownFileType = sourcecode.swift; path = Photo.swift; sourceTree = "<group>"; };
		DD9ED94A2C2D5CE1003448C8 /* ImagesListService.swift */ = {isa = PBXFileReference; lastKnownFileType = sourcecode.swift; path = ImagesListService.swift; sourceTree = "<group>"; };
		DD9F67682C2D75B600F08335 /* PhotoResult.swift */ = {isa = PBXFileReference; lastKnownFileType = sourcecode.swift; path = PhotoResult.swift; sourceTree = "<group>"; };
		DDAE2E992BE6643100487B45 /* ImagesListCell.swift */ = {isa = PBXFileReference; lastKnownFileType = sourcecode.swift; path = ImagesListCell.swift; sourceTree = "<group>"; };
		DDC0B3172BE389550035E7DD /* ImageFeed.app */ = {isa = PBXFileReference; explicitFileType = wrapper.application; includeInIndex = 0; path = ImageFeed.app; sourceTree = BUILT_PRODUCTS_DIR; };
		DDC0B31A2BE389550035E7DD /* AppDelegate.swift */ = {isa = PBXFileReference; lastKnownFileType = sourcecode.swift; path = AppDelegate.swift; sourceTree = "<group>"; };
		DDC0B31C2BE389550035E7DD /* SceneDelegate.swift */ = {isa = PBXFileReference; lastKnownFileType = sourcecode.swift; path = SceneDelegate.swift; sourceTree = "<group>"; };
		DDC0B31E2BE389550035E7DD /* ImagesListViewController.swift */ = {isa = PBXFileReference; lastKnownFileType = sourcecode.swift; path = ImagesListViewController.swift; sourceTree = "<group>"; };
		DDC0B3212BE389550035E7DD /* Base */ = {isa = PBXFileReference; lastKnownFileType = file.storyboard; name = Base; path = Base.lproj/Main.storyboard; sourceTree = "<group>"; };
		DDC0B3232BE389580035E7DD /* Assets.xcassets */ = {isa = PBXFileReference; lastKnownFileType = folder.assetcatalog; path = Assets.xcassets; sourceTree = "<group>"; };
		DDC0B3262BE389580035E7DD /* Base */ = {isa = PBXFileReference; lastKnownFileType = file.storyboard; name = Base; path = Base.lproj/LaunchScreen.storyboard; sourceTree = "<group>"; };
		DDC0B3282BE389580035E7DD /* Info.plist */ = {isa = PBXFileReference; lastKnownFileType = text.plist.xml; path = Info.plist; sourceTree = "<group>"; };
		DDD4EB882C466BAF00B2D838 /* ProfileViewControllerTests.swift */ = {isa = PBXFileReference; lastKnownFileType = sourcecode.swift; path = ProfileViewControllerTests.swift; sourceTree = "<group>"; };
		DDD4EB8A2C466BD500B2D838 /* ProfileSpy.swift */ = {isa = PBXFileReference; lastKnownFileType = sourcecode.swift; path = ProfileSpy.swift; sourceTree = "<group>"; };
		DDD79D352C3983CB009D3C25 /* NetworkErrorProtocol.swift */ = {isa = PBXFileReference; lastKnownFileType = sourcecode.swift; path = NetworkErrorProtocol.swift; sourceTree = "<group>"; };
		DDD8FB502C465B4F00211541 /* ProfilePresenterProtocol.swift */ = {isa = PBXFileReference; lastKnownFileType = sourcecode.swift; path = ProfilePresenterProtocol.swift; sourceTree = "<group>"; };
		DDD8FB522C465B8700211541 /* ProfilePresenter.swift */ = {isa = PBXFileReference; lastKnownFileType = sourcecode.swift; path = ProfilePresenter.swift; sourceTree = "<group>"; };
		DDD8FB582C4662A200211541 /* ImagesListPresenter.swift */ = {isa = PBXFileReference; lastKnownFileType = sourcecode.swift; path = ImagesListPresenter.swift; sourceTree = "<group>"; };
		DDDB85152BF5DD650080188D /* ProfileViewController.swift */ = {isa = PBXFileReference; lastKnownFileType = sourcecode.swift; path = ProfileViewController.swift; sourceTree = "<group>"; };
		DDE760C12C0F25B600A2EA97 /* SplashViewController.swift */ = {isa = PBXFileReference; lastKnownFileType = sourcecode.swift; path = SplashViewController.swift; sourceTree = "<group>"; };
		DDEAB4552C4647470032D79F /* WebViewSpy.swift */ = {isa = PBXFileReference; lastKnownFileType = sourcecode.swift; path = WebViewSpy.swift; sourceTree = "<group>"; };
/* End PBXFileReference section */

/* Begin PBXFrameworksBuildPhase section */
		DD3712992C47A1BB0046657F /* Frameworks */ = {
			isa = PBXFrameworksBuildPhase;
			buildActionMask = 2147483647;
			files = (
			);
			runOnlyForDeploymentPostprocessing = 0;
		};
		DD7DC2E82C463F870009C5A6 /* Frameworks */ = {
			isa = PBXFrameworksBuildPhase;
			buildActionMask = 2147483647;
			files = (
				DD58A6AB2C4650F500ABE4AC /* Kingfisher in Frameworks */,
				DD58A6A92C4650F100ABE4AC /* ProgressHUD in Frameworks */,
				DD58A6AD2C4650FA00ABE4AC /* SwiftKeychainWrapper in Frameworks */,
			);
			runOnlyForDeploymentPostprocessing = 0;
		};
		DDC0B3142BE389550035E7DD /* Frameworks */ = {
			isa = PBXFrameworksBuildPhase;
			buildActionMask = 2147483647;
			files = (
				DD58A6B32C46514100ABE4AC /* Kingfisher in Frameworks */,
				DD58A6B12C46513D00ABE4AC /* SwiftKeychainWrapper in Frameworks */,
				DD58A6AF2C46513900ABE4AC /* ProgressHUD in Frameworks */,
			);
			runOnlyForDeploymentPostprocessing = 0;
		};
/* End PBXFrameworksBuildPhase section */

/* Begin PBXGroup section */
		DD06B7342C0891EF0088A4F3 /* Auth */ = {
			isa = PBXGroup;
			children = (
				DD06B7352C0892080088A4F3 /* AuthViewController.swift */,
				DD4B0F622C204F6C00FD9468 /* AuthViewControllerDelegate.swift */,
				DD06B7372C0896840088A4F3 /* WebViewViewController.swift */,
				DD4012432C4531BD00713D7E /* WebViewPresenter.swift */,
				DD3C2D542C2006DB000A8F5D /* WebViewViewControllerDelegate.swift */,
				DD75AF502C455C3400ED98DE /* AuthHelper.swift */,
				DD75AF4E2C455BF200ED98DE /* AuthHelperProtocol.swift */,
			);
			path = Auth;
			sourceTree = "<group>";
		};
		DD0FE5A62BF7246D00D44645 /* SingleImageViewController */ = {
			isa = PBXGroup;
			children = (
				DD03F48D2BF71D8200D9BCFE /* SingleImageViewController.swift */,
			);
			path = SingleImageViewController;
			sourceTree = "<group>";
		};
		DD12C5822C215F9F00505F64 /* ErrorHandling */ = {
			isa = PBXGroup;
			children = (
				DD12C57E2C2158CD00505F64 /* NetworkError.swift */,
				DDD79D352C3983CB009D3C25 /* NetworkErrorProtocol.swift */,
				DD865F612C3FB435000E6A57 /* ResponseDecoder.swift */,
			);
			path = ErrorHandling;
			sourceTree = "<group>";
		};
		DD37129D2C47A1BB0046657F /* ImageFeedUITests */ = {
			isa = PBXGroup;
			children = (
				DD37129E2C47A1BB0046657F /* ImageFeedUITests.swift */,
			);
			path = ImageFeedUITests;
			sourceTree = "<group>";
		};
		DD3C2D562C2008D1000A8F5D /* Models */ = {
			isa = PBXGroup;
			children = (
				DD85B6382C0DB6610075CF16 /* OAuthTokenResponseBody.swift */,
			);
			path = Models;
			sourceTree = "<group>";
		};
		DD3C2D632C202948000A8F5D /* Models */ = {
			isa = PBXGroup;
			children = (
				DD12C58A2C21B98800505F64 /* ProfileResult.swift */,
				DD12C5832C21659C00505F64 /* UserResult.swift */,
			);
			path = Models;
			sourceTree = "<group>";
		};
		DD6215D32C245E3900A73840 /* TabBarController */ = {
			isa = PBXGroup;
			children = (
				DD6215D12C245E2100A73840 /* TabBarController.swift */,
			);
			path = TabBarController;
			sourceTree = "<group>";
		};
		DD75AF472C4556E900ED98DE /* AuthConfiguration */ = {
			isa = PBXGroup;
			children = (
				DD06B7322C0855EB0088A4F3 /* Constants.swift */,
				DD75AF452C4556CF00ED98DE /* AuthConfiguration.swift */,
			);
			path = AuthConfiguration;
			sourceTree = "<group>";
		};
		DD7DC2EC2C463F870009C5A6 /* ImageFeedTests */ = {
			isa = PBXGroup;
			children = (
				DD7DC2ED2C463F870009C5A6 /* WebViewTests.swift */,
				DDEAB4552C4647470032D79F /* WebViewSpy.swift */,
				DDD4EB882C466BAF00B2D838 /* ProfileViewControllerTests.swift */,
				DDD4EB8A2C466BD500B2D838 /* ProfileSpy.swift */,
				DD9BDCAB2C46948E00B0AA56 /* ImagesListViewControllerTests.swift */,
				DD9BDCAD2C4694A100B0AA56 /* ImagesListSpy.swift */,
			);
			path = ImageFeedTests;
			sourceTree = "<group>";
		};
		DD85B63C2C0DB9D20075CF16 /* OAuth2 */ = {
			isa = PBXGroup;
			children = (
				DD3C2D562C2008D1000A8F5D /* Models */,
				DD85B63A2C0DB9530075CF16 /* OAuth2TokenStorage.swift */,
				DD3C2D612C201B54000A8F5D /* OAuth2TokenStorageProtocol.swift */,
				DD85B6362C0D9D030075CF16 /* OAuth2Service.swift */,
			);
			path = OAuth2;
			sourceTree = "<group>";
		};
		DD9ED9472C2D5C7E003448C8 /* Models */ = {
			isa = PBXGroup;
			children = (
				DD9ED9482C2D5C91003448C8 /* Photo.swift */,
				DD9F67682C2D75B600F08335 /* PhotoResult.swift */,
			);
			path = Models;
			sourceTree = "<group>";
		};
		DDAE2E9B2BE6644000487B45 /* ImagesList */ = {
			isa = PBXGroup;
			children = (
				DD9ED9472C2D5C7E003448C8 /* Models */,
				DDC0B31E2BE389550035E7DD /* ImagesListViewController.swift */,
				DDD8FB582C4662A200211541 /* ImagesListPresenter.swift */,
				DDAE2E992BE6643100487B45 /* ImagesListCell.swift */,
				DD32A63E2C32B561004264CF /* ImagesListCellDelegate.swift */,
				DD9ED94A2C2D5CE1003448C8 /* ImagesListService.swift */,
			);
			path = ImagesList;
			sourceTree = "<group>";
		};
		DDC0B30E2BE389550035E7DD = {
			isa = PBXGroup;
			children = (
				DDC0B3192BE389550035E7DD /* ImageFeed */,
				DD7DC2EC2C463F870009C5A6 /* ImageFeedTests */,
				DD37129D2C47A1BB0046657F /* ImageFeedUITests */,
				DDC0B3182BE389550035E7DD /* Products */,
			);
			sourceTree = "<group>";
		};
		DDC0B3182BE389550035E7DD /* Products */ = {
			isa = PBXGroup;
			children = (
				DDC0B3172BE389550035E7DD /* ImageFeed.app */,
				DD7DC2EB2C463F870009C5A6 /* ImageFeedTests.xctest */,
				DD37129C2C47A1BB0046657F /* ImageFeedUITests.xctest */,
			);
			name = Products;
			sourceTree = "<group>";
		};
		DDC0B3192BE389550035E7DD /* ImageFeed */ = {
			isa = PBXGroup;
			children = (
				DDC0B31A2BE389550035E7DD /* AppDelegate.swift */,
				DDC0B31C2BE389550035E7DD /* SceneDelegate.swift */,
				DD5705182C1B1FE80036B530 /* UIBlockingProgressHUD.swift */,
				DD75AF472C4556E900ED98DE /* AuthConfiguration */,
				DD12C5822C215F9F00505F64 /* ErrorHandling */,
				DDE760C32C0F2C5C00A2EA97 /* SplashViewController */,
				DD85B63C2C0DB9D20075CF16 /* OAuth2 */,
				DD06B7342C0891EF0088A4F3 /* Auth */,
				DDDA5FA82BF5E31A006E395D /* Profile */,
				DD6215D32C245E3900A73840 /* TabBarController */,
				DDAE2E9B2BE6644000487B45 /* ImagesList */,
				DD0FE5A62BF7246D00D44645 /* SingleImageViewController */,
				DDC0B3202BE389550035E7DD /* Main.storyboard */,
				DDC0B3232BE389580035E7DD /* Assets.xcassets */,
				DDC0B3252BE389580035E7DD /* LaunchScreen.storyboard */,
				DDC0B3282BE389580035E7DD /* Info.plist */,
			);
			path = ImageFeed;
			sourceTree = "<group>";
		};
		DDDA5FA82BF5E31A006E395D /* Profile */ = {
			isa = PBXGroup;
			children = (
				DD3C2D632C202948000A8F5D /* Models */,
				DDDB85152BF5DD650080188D /* ProfileViewController.swift */,
				DDD8FB522C465B8700211541 /* ProfilePresenter.swift */,
				DDD8FB502C465B4F00211541 /* ProfilePresenterProtocol.swift */,
				DD8D41CA2C1C2D6900605D3D /* ProfileService.swift */,
				DD4B0F662C2066D900FD9468 /* ProfileImageService.swift */,
				DD76F1132C32CB67005823D7 /* ProfileLogoutService.swift */,
			);
			path = Profile;
			sourceTree = "<group>";
		};
		DDE760C32C0F2C5C00A2EA97 /* SplashViewController */ = {
			isa = PBXGroup;
			children = (
				DDE760C12C0F25B600A2EA97 /* SplashViewController.swift */,
			);
			path = SplashViewController;
			sourceTree = "<group>";
		};
/* End PBXGroup section */

/* Begin PBXNativeTarget section */
		DD37129B2C47A1BB0046657F /* ImageFeedUITests */ = {
			isa = PBXNativeTarget;
			buildConfigurationList = DD3712A62C47A1BB0046657F /* Build configuration list for PBXNativeTarget "ImageFeedUITests" */;
			buildPhases = (
				DD3712982C47A1BB0046657F /* Sources */,
				DD3712992C47A1BB0046657F /* Frameworks */,
				DD37129A2C47A1BB0046657F /* Resources */,
			);
			buildRules = (
			);
			dependencies = (
				DD3712A32C47A1BB0046657F /* PBXTargetDependency */,
			);
			name = ImageFeedUITests;
			productName = ImageFeedUITests;
			productReference = DD37129C2C47A1BB0046657F /* ImageFeedUITests.xctest */;
			productType = "com.apple.product-type.bundle.ui-testing";
		};
		DD7DC2EA2C463F870009C5A6 /* ImageFeedTests */ = {
			isa = PBXNativeTarget;
			buildConfigurationList = DD7DC2F32C463F870009C5A6 /* Build configuration list for PBXNativeTarget "ImageFeedTests" */;
			buildPhases = (
				DD7DC2E72C463F870009C5A6 /* Sources */,
				DD7DC2E82C463F870009C5A6 /* Frameworks */,
				DD7DC2E92C463F870009C5A6 /* Resources */,
			);
			buildRules = (
			);
			dependencies = (
				DD7DC2F02C463F870009C5A6 /* PBXTargetDependency */,
			);
			name = ImageFeedTests;
			packageProductDependencies = (
				DD58A6A82C4650F100ABE4AC /* ProgressHUD */,
				DD58A6AA2C4650F500ABE4AC /* Kingfisher */,
				DD58A6AC2C4650FA00ABE4AC /* SwiftKeychainWrapper */,
			);
			productName = ImageFeedTests;
			productReference = DD7DC2EB2C463F870009C5A6 /* ImageFeedTests.xctest */;
			productType = "com.apple.product-type.bundle.unit-test";
		};
		DDC0B3162BE389550035E7DD /* ImageFeed */ = {
			isa = PBXNativeTarget;
			buildConfigurationList = DDC0B32B2BE389580035E7DD /* Build configuration list for PBXNativeTarget "ImageFeed" */;
			buildPhases = (
				DDC0B3132BE389550035E7DD /* Sources */,
				DDC0B3142BE389550035E7DD /* Frameworks */,
				DDC0B3152BE389550035E7DD /* Resources */,
			);
			buildRules = (
			);
			dependencies = (
			);
			name = ImageFeed;
			packageProductDependencies = (
				DD58A6AE2C46513900ABE4AC /* ProgressHUD */,
				DD58A6B02C46513D00ABE4AC /* SwiftKeychainWrapper */,
				DD58A6B22C46514100ABE4AC /* Kingfisher */,
			);
			productName = ImageFeed;
			productReference = DDC0B3172BE389550035E7DD /* ImageFeed.app */;
			productType = "com.apple.product-type.application";
		};
/* End PBXNativeTarget section */

/* Begin PBXProject section */
		DDC0B30F2BE389550035E7DD /* Project object */ = {
			isa = PBXProject;
			attributes = {
				BuildIndependentTargetsInParallel = 1;
				LastSwiftUpdateCheck = 1540;
				LastUpgradeCheck = 1530;
				TargetAttributes = {
					DD37129B2C47A1BB0046657F = {
						CreatedOnToolsVersion = 15.4;
						TestTargetID = DDC0B3162BE389550035E7DD;
					};
					DD7DC2EA2C463F870009C5A6 = {
						CreatedOnToolsVersion = 15.4;
						TestTargetID = DDC0B3162BE389550035E7DD;
					};
					DDC0B3162BE389550035E7DD = {
						CreatedOnToolsVersion = 15.3;
					};
				};
			};
			buildConfigurationList = DDC0B3122BE389550035E7DD /* Build configuration list for PBXProject "ImageFeed" */;
			compatibilityVersion = "Xcode 14.0";
			developmentRegion = en;
			hasScannedForEncodings = 0;
			knownRegions = (
				en,
				Base,
			);
			mainGroup = DDC0B30E2BE389550035E7DD;
			packageReferences = (
				DD8E90672C464C1F00F00858 /* XCRemoteSwiftPackageReference "ProgressHUD" */,
				DD8E90692C464C2B00F00858 /* XCRemoteSwiftPackageReference "SwiftKeychainWrapper" */,
				DD58A6A62C46501100ABE4AC /* XCRemoteSwiftPackageReference "Kingfisher" */,
			);
			productRefGroup = DDC0B3182BE389550035E7DD /* Products */;
			projectDirPath = "";
			projectRoot = "";
			targets = (
				DDC0B3162BE389550035E7DD /* ImageFeed */,
				DD7DC2EA2C463F870009C5A6 /* ImageFeedTests */,
				DD37129B2C47A1BB0046657F /* ImageFeedUITests */,
			);
		};
/* End PBXProject section */

/* Begin PBXResourcesBuildPhase section */
		DD37129A2C47A1BB0046657F /* Resources */ = {
			isa = PBXResourcesBuildPhase;
			buildActionMask = 2147483647;
			files = (
			);
			runOnlyForDeploymentPostprocessing = 0;
		};
		DD7DC2E92C463F870009C5A6 /* Resources */ = {
			isa = PBXResourcesBuildPhase;
			buildActionMask = 2147483647;
			files = (
			);
			runOnlyForDeploymentPostprocessing = 0;
		};
		DDC0B3152BE389550035E7DD /* Resources */ = {
			isa = PBXResourcesBuildPhase;
			buildActionMask = 2147483647;
			files = (
				DD0FE5AC2BF73C7A00D44645 /* LaunchScreen.storyboard in Resources */,
				DD0FE5AB2BF73C5600D44645 /* Main.storyboard in Resources */,
				DDC0B3242BE389580035E7DD /* Assets.xcassets in Resources */,
			);
			runOnlyForDeploymentPostprocessing = 0;
		};
/* End PBXResourcesBuildPhase section */

/* Begin PBXSourcesBuildPhase section */
		DD3712982C47A1BB0046657F /* Sources */ = {
			isa = PBXSourcesBuildPhase;
			buildActionMask = 2147483647;
			files = (
				DD37129F2C47A1BB0046657F /* ImageFeedUITests.swift in Sources */,
			);
			runOnlyForDeploymentPostprocessing = 0;
		};
		DD7DC2E72C463F870009C5A6 /* Sources */ = {
			isa = PBXSourcesBuildPhase;
			buildActionMask = 2147483647;
			files = (
				DD9BDCAE2C4694A100B0AA56 /* ImagesListSpy.swift in Sources */,
				DDD4EB8B2C466BD500B2D838 /* ProfileSpy.swift in Sources */,
				DD7DC2EE2C463F870009C5A6 /* WebViewTests.swift in Sources */,
				DDEAB4562C4647470032D79F /* WebViewSpy.swift in Sources */,
				DD9BDCAC2C46948E00B0AA56 /* ImagesListViewControllerTests.swift in Sources */,
				DDD4EB892C466BAF00B2D838 /* ProfileViewControllerTests.swift in Sources */,
			);
			runOnlyForDeploymentPostprocessing = 0;
		};
		DDC0B3132BE389550035E7DD /* Sources */ = {
			isa = PBXSourcesBuildPhase;
			buildActionMask = 2147483647;
			files = (
				DD9ED94B2C2D5CE1003448C8 /* ImagesListService.swift in Sources */,
				DD9ED9492C2D5C91003448C8 /* Photo.swift in Sources */,
				DD32A63F2C32B561004264CF /* ImagesListCellDelegate.swift in Sources */,
				DD85B63B2C0DB9530075CF16 /* OAuth2TokenStorage.swift in Sources */,
				DDC0B31F2BE389550035E7DD /* ImagesListViewController.swift in Sources */,
				DD75AF462C4556CF00ED98DE /* AuthConfiguration.swift in Sources */,
				DDAE2E9A2BE6643100487B45 /* ImagesListCell.swift in Sources */,
				DDDB85162BF5DD650080188D /* ProfileViewController.swift in Sources */,
				DD4B0F632C204F6C00FD9468 /* AuthViewControllerDelegate.swift in Sources */,
				DDD8FB512C465B4F00211541 /* ProfilePresenterProtocol.swift in Sources */,
				DD6215D22C245E2100A73840 /* TabBarController.swift in Sources */,
				DDD8FB592C4662A200211541 /* ImagesListPresenter.swift in Sources */,
				DDD79D362C3983CB009D3C25 /* NetworkErrorProtocol.swift in Sources */,
				DD76F1142C32CB67005823D7 /* ProfileLogoutService.swift in Sources */,
				DD12C5842C21659C00505F64 /* UserResult.swift in Sources */,
				DDD8FB532C465B8700211541 /* ProfilePresenter.swift in Sources */,
				DDC0B31B2BE389550035E7DD /* AppDelegate.swift in Sources */,
				DD85B6392C0DB6610075CF16 /* OAuthTokenResponseBody.swift in Sources */,
				DD75AF512C455C3400ED98DE /* AuthHelper.swift in Sources */,
				DDE760C22C0F25B600A2EA97 /* SplashViewController.swift in Sources */,
				DD75AF4F2C455BF200ED98DE /* AuthHelperProtocol.swift in Sources */,
				DD12C57F2C2158CD00505F64 /* NetworkError.swift in Sources */,
				DD06B7362C0892080088A4F3 /* AuthViewController.swift in Sources */,
				DD06B7332C0855EB0088A4F3 /* Constants.swift in Sources */,
				DD3C2D552C2006DB000A8F5D /* WebViewViewControllerDelegate.swift in Sources */,
				DD12C58B2C21B98800505F64 /* ProfileResult.swift in Sources */,
				DD03F48E2BF71D8200D9BCFE /* SingleImageViewController.swift in Sources */,
				DD06B7382C0896840088A4F3 /* WebViewViewController.swift in Sources */,
				DD85B6372C0D9D030075CF16 /* OAuth2Service.swift in Sources */,
				DD4B0F672C2066D900FD9468 /* ProfileImageService.swift in Sources */,
				DD4012442C4531BD00713D7E /* WebViewPresenter.swift in Sources */,
				DDC0B31D2BE389550035E7DD /* SceneDelegate.swift in Sources */,
				DD865F622C3FB435000E6A57 /* ResponseDecoder.swift in Sources */,
				DD5705192C1B1FE80036B530 /* UIBlockingProgressHUD.swift in Sources */,
				DD9F67692C2D75B600F08335 /* PhotoResult.swift in Sources */,
				DD3C2D622C201B54000A8F5D /* OAuth2TokenStorageProtocol.swift in Sources */,
				DD8D41CB2C1C2D6900605D3D /* ProfileService.swift in Sources */,
			);
			runOnlyForDeploymentPostprocessing = 0;
		};
/* End PBXSourcesBuildPhase section */

/* Begin PBXTargetDependency section */
		DD3712A32C47A1BB0046657F /* PBXTargetDependency */ = {
			isa = PBXTargetDependency;
			target = DDC0B3162BE389550035E7DD /* ImageFeed */;
			targetProxy = DD3712A22C47A1BB0046657F /* PBXContainerItemProxy */;
		};
		DD7DC2F02C463F870009C5A6 /* PBXTargetDependency */ = {
			isa = PBXTargetDependency;
			target = DDC0B3162BE389550035E7DD /* ImageFeed */;
			targetProxy = DD7DC2EF2C463F870009C5A6 /* PBXContainerItemProxy */;
		};
/* End PBXTargetDependency section */

/* Begin PBXVariantGroup section */
		DDC0B3202BE389550035E7DD /* Main.storyboard */ = {
			isa = PBXVariantGroup;
			children = (
				DDC0B3212BE389550035E7DD /* Base */,
			);
			name = Main.storyboard;
			sourceTree = "<group>";
		};
		DDC0B3252BE389580035E7DD /* LaunchScreen.storyboard */ = {
			isa = PBXVariantGroup;
			children = (
				DDC0B3262BE389580035E7DD /* Base */,
			);
			name = LaunchScreen.storyboard;
			sourceTree = "<group>";
		};
/* End PBXVariantGroup section */

/* Begin XCBuildConfiguration section */
		DD3712A42C47A1BB0046657F /* Debug */ = {
			isa = XCBuildConfiguration;
			buildSettings = {
				CODE_SIGN_STYLE = Automatic;
				CURRENT_PROJECT_VERSION = 1;
				DEVELOPMENT_TEAM = NR5Q88774S;
				GENERATE_INFOPLIST_FILE = YES;
				IPHONEOS_DEPLOYMENT_TARGET = 17.5;
				MARKETING_VERSION = 1.0;
				PRODUCT_BUNDLE_IDENTIFIER = com.github.EntityVadim.ImageFeedUITests;
				PRODUCT_NAME = "$(TARGET_NAME)";
				SWIFT_EMIT_LOC_STRINGS = NO;
				SWIFT_VERSION = 5.0;
				TARGETED_DEVICE_FAMILY = "1,2";
				TEST_TARGET_NAME = ImageFeed;
			};
			name = Debug;
		};
		DD3712A52C47A1BB0046657F /* Release */ = {
			isa = XCBuildConfiguration;
			buildSettings = {
				CODE_SIGN_STYLE = Automatic;
				CURRENT_PROJECT_VERSION = 1;
				DEVELOPMENT_TEAM = NR5Q88774S;
				GENERATE_INFOPLIST_FILE = YES;
				IPHONEOS_DEPLOYMENT_TARGET = 17.5;
				MARKETING_VERSION = 1.0;
				PRODUCT_BUNDLE_IDENTIFIER = com.github.EntityVadim.ImageFeedUITests;
				PRODUCT_NAME = "$(TARGET_NAME)";
				SWIFT_EMIT_LOC_STRINGS = NO;
				SWIFT_VERSION = 5.0;
				TARGETED_DEVICE_FAMILY = "1,2";
				TEST_TARGET_NAME = ImageFeed;
			};
			name = Release;
		};
		DD7DC2F12C463F870009C5A6 /* Debug */ = {
			isa = XCBuildConfiguration;
			buildSettings = {
				BUNDLE_LOADER = "$(TEST_HOST)";
				CODE_SIGN_STYLE = Automatic;
				CURRENT_PROJECT_VERSION = 1;
				DEVELOPMENT_TEAM = NR5Q88774S;
				GENERATE_INFOPLIST_FILE = YES;
				IPHONEOS_DEPLOYMENT_TARGET = 17.5;
				MARKETING_VERSION = 1.0;
				PRODUCT_BUNDLE_IDENTIFIER = com.github.EntityVadim.ImageFeedTests;
				PRODUCT_NAME = "$(TARGET_NAME)";
				SWIFT_EMIT_LOC_STRINGS = NO;
				SWIFT_VERSION = 5.0;
				TARGETED_DEVICE_FAMILY = "1,2";
				TEST_HOST = "$(BUILT_PRODUCTS_DIR)/ImageFeed.app/$(BUNDLE_EXECUTABLE_FOLDER_PATH)/ImageFeed";
			};
			name = Debug;
		};
		DD7DC2F22C463F870009C5A6 /* Release */ = {
			isa = XCBuildConfiguration;
			buildSettings = {
				BUNDLE_LOADER = "$(TEST_HOST)";
				CODE_SIGN_STYLE = Automatic;
				CURRENT_PROJECT_VERSION = 1;
				DEVELOPMENT_TEAM = NR5Q88774S;
				GENERATE_INFOPLIST_FILE = YES;
				IPHONEOS_DEPLOYMENT_TARGET = 17.5;
				MARKETING_VERSION = 1.0;
				PRODUCT_BUNDLE_IDENTIFIER = com.github.EntityVadim.ImageFeedTests;
				PRODUCT_NAME = "$(TARGET_NAME)";
				SWIFT_EMIT_LOC_STRINGS = NO;
				SWIFT_VERSION = 5.0;
				TARGETED_DEVICE_FAMILY = "1,2";
				TEST_HOST = "$(BUILT_PRODUCTS_DIR)/ImageFeed.app/$(BUNDLE_EXECUTABLE_FOLDER_PATH)/ImageFeed";
			};
			name = Release;
		};
		DDC0B3292BE389580035E7DD /* Debug */ = {
			isa = XCBuildConfiguration;
			buildSettings = {
				ALWAYS_SEARCH_USER_PATHS = NO;
				ASSETCATALOG_COMPILER_GENERATE_SWIFT_ASSET_SYMBOL_EXTENSIONS = YES;
				CLANG_ANALYZER_NONNULL = YES;
				CLANG_ANALYZER_NUMBER_OBJECT_CONVERSION = YES_AGGRESSIVE;
				CLANG_CXX_LANGUAGE_STANDARD = "gnu++20";
				CLANG_ENABLE_MODULES = YES;
				CLANG_ENABLE_OBJC_ARC = YES;
				CLANG_ENABLE_OBJC_WEAK = YES;
				CLANG_WARN_BLOCK_CAPTURE_AUTORELEASING = YES;
				CLANG_WARN_BOOL_CONVERSION = YES;
				CLANG_WARN_COMMA = YES;
				CLANG_WARN_CONSTANT_CONVERSION = YES;
				CLANG_WARN_DEPRECATED_OBJC_IMPLEMENTATIONS = YES;
				CLANG_WARN_DIRECT_OBJC_ISA_USAGE = YES_ERROR;
				CLANG_WARN_DOCUMENTATION_COMMENTS = YES;
				CLANG_WARN_EMPTY_BODY = YES;
				CLANG_WARN_ENUM_CONVERSION = YES;
				CLANG_WARN_INFINITE_RECURSION = YES;
				CLANG_WARN_INT_CONVERSION = YES;
				CLANG_WARN_NON_LITERAL_NULL_CONVERSION = YES;
				CLANG_WARN_OBJC_IMPLICIT_RETAIN_SELF = YES;
				CLANG_WARN_OBJC_LITERAL_CONVERSION = YES;
				CLANG_WARN_OBJC_ROOT_CLASS = YES_ERROR;
				CLANG_WARN_QUOTED_INCLUDE_IN_FRAMEWORK_HEADER = YES;
				CLANG_WARN_RANGE_LOOP_ANALYSIS = YES;
				CLANG_WARN_STRICT_PROTOTYPES = YES;
				CLANG_WARN_SUSPICIOUS_MOVE = YES;
				CLANG_WARN_UNGUARDED_AVAILABILITY = YES_AGGRESSIVE;
				CLANG_WARN_UNREACHABLE_CODE = YES;
				CLANG_WARN__DUPLICATE_METHOD_MATCH = YES;
				COPY_PHASE_STRIP = NO;
				DEBUG_INFORMATION_FORMAT = dwarf;
				ENABLE_STRICT_OBJC_MSGSEND = YES;
				ENABLE_TESTABILITY = YES;
				ENABLE_USER_SCRIPT_SANDBOXING = YES;
				GCC_C_LANGUAGE_STANDARD = gnu17;
				GCC_DYNAMIC_NO_PIC = NO;
				GCC_NO_COMMON_BLOCKS = YES;
				GCC_OPTIMIZATION_LEVEL = 0;
				GCC_PREPROCESSOR_DEFINITIONS = (
					"DEBUG=1",
					"$(inherited)",
				);
				GCC_WARN_64_TO_32_BIT_CONVERSION = YES;
				GCC_WARN_ABOUT_RETURN_TYPE = YES_ERROR;
				GCC_WARN_UNDECLARED_SELECTOR = YES;
				GCC_WARN_UNINITIALIZED_AUTOS = YES_AGGRESSIVE;
				GCC_WARN_UNUSED_FUNCTION = YES;
				GCC_WARN_UNUSED_VARIABLE = YES;
				IPHONEOS_DEPLOYMENT_TARGET = 17.4;
				LOCALIZATION_PREFERS_STRING_CATALOGS = YES;
				MTL_ENABLE_DEBUG_INFO = INCLUDE_SOURCE;
				MTL_FAST_MATH = YES;
				ONLY_ACTIVE_ARCH = YES;
				SDKROOT = iphoneos;
				SWIFT_ACTIVE_COMPILATION_CONDITIONS = "DEBUG $(inherited)";
				SWIFT_OPTIMIZATION_LEVEL = "-Onone";
			};
			name = Debug;
		};
		DDC0B32A2BE389580035E7DD /* Release */ = {
			isa = XCBuildConfiguration;
			buildSettings = {
				ALWAYS_SEARCH_USER_PATHS = NO;
				ASSETCATALOG_COMPILER_GENERATE_SWIFT_ASSET_SYMBOL_EXTENSIONS = YES;
				CLANG_ANALYZER_NONNULL = YES;
				CLANG_ANALYZER_NUMBER_OBJECT_CONVERSION = YES_AGGRESSIVE;
				CLANG_CXX_LANGUAGE_STANDARD = "gnu++20";
				CLANG_ENABLE_MODULES = YES;
				CLANG_ENABLE_OBJC_ARC = YES;
				CLANG_ENABLE_OBJC_WEAK = YES;
				CLANG_WARN_BLOCK_CAPTURE_AUTORELEASING = YES;
				CLANG_WARN_BOOL_CONVERSION = YES;
				CLANG_WARN_COMMA = YES;
				CLANG_WARN_CONSTANT_CONVERSION = YES;
				CLANG_WARN_DEPRECATED_OBJC_IMPLEMENTATIONS = YES;
				CLANG_WARN_DIRECT_OBJC_ISA_USAGE = YES_ERROR;
				CLANG_WARN_DOCUMENTATION_COMMENTS = YES;
				CLANG_WARN_EMPTY_BODY = YES;
				CLANG_WARN_ENUM_CONVERSION = YES;
				CLANG_WARN_INFINITE_RECURSION = YES;
				CLANG_WARN_INT_CONVERSION = YES;
				CLANG_WARN_NON_LITERAL_NULL_CONVERSION = YES;
				CLANG_WARN_OBJC_IMPLICIT_RETAIN_SELF = YES;
				CLANG_WARN_OBJC_LITERAL_CONVERSION = YES;
				CLANG_WARN_OBJC_ROOT_CLASS = YES_ERROR;
				CLANG_WARN_QUOTED_INCLUDE_IN_FRAMEWORK_HEADER = YES;
				CLANG_WARN_RANGE_LOOP_ANALYSIS = YES;
				CLANG_WARN_STRICT_PROTOTYPES = YES;
				CLANG_WARN_SUSPICIOUS_MOVE = YES;
				CLANG_WARN_UNGUARDED_AVAILABILITY = YES_AGGRESSIVE;
				CLANG_WARN_UNREACHABLE_CODE = YES;
				CLANG_WARN__DUPLICATE_METHOD_MATCH = YES;
				COPY_PHASE_STRIP = NO;
				DEBUG_INFORMATION_FORMAT = "dwarf-with-dsym";
				ENABLE_NS_ASSERTIONS = NO;
				ENABLE_STRICT_OBJC_MSGSEND = YES;
				ENABLE_USER_SCRIPT_SANDBOXING = YES;
				GCC_C_LANGUAGE_STANDARD = gnu17;
				GCC_NO_COMMON_BLOCKS = YES;
				GCC_WARN_64_TO_32_BIT_CONVERSION = YES;
				GCC_WARN_ABOUT_RETURN_TYPE = YES_ERROR;
				GCC_WARN_UNDECLARED_SELECTOR = YES;
				GCC_WARN_UNINITIALIZED_AUTOS = YES_AGGRESSIVE;
				GCC_WARN_UNUSED_FUNCTION = YES;
				GCC_WARN_UNUSED_VARIABLE = YES;
				IPHONEOS_DEPLOYMENT_TARGET = 17.4;
				LOCALIZATION_PREFERS_STRING_CATALOGS = YES;
				MTL_ENABLE_DEBUG_INFO = NO;
				MTL_FAST_MATH = YES;
				SDKROOT = iphoneos;
				SWIFT_COMPILATION_MODE = wholemodule;
				VALIDATE_PRODUCT = YES;
			};
			name = Release;
		};
		DDC0B32C2BE389580035E7DD /* Debug */ = {
			isa = XCBuildConfiguration;
			buildSettings = {
				ASSETCATALOG_COMPILER_APPICON_NAME = AppIcon;
				ASSETCATALOG_COMPILER_GLOBAL_ACCENT_COLOR_NAME = AccentColor;
				CODE_SIGN_STYLE = Automatic;
				CURRENT_PROJECT_VERSION = 1;
				DEVELOPMENT_TEAM = NR5Q88774S;
				GENERATE_INFOPLIST_FILE = YES;
				INFOPLIST_FILE = ImageFeed/Info.plist;
				INFOPLIST_KEY_UIApplicationSupportsIndirectInputEvents = YES;
				INFOPLIST_KEY_UILaunchStoryboardName = "";
				INFOPLIST_KEY_UIStatusBarStyle = "";
				INFOPLIST_KEY_UISupportedInterfaceOrientations = UIInterfaceOrientationPortrait;
				INFOPLIST_KEY_UISupportedInterfaceOrientations_iPad = "UIInterfaceOrientationLandscapeLeft UIInterfaceOrientationLandscapeRight UIInterfaceOrientationPortrait UIInterfaceOrientationPortraitUpsideDown";
				IPHONEOS_DEPLOYMENT_TARGET = 13.0;
				LD_RUNPATH_SEARCH_PATHS = (
					"$(inherited)",
					"@executable_path/Frameworks",
				);
				MARKETING_VERSION = 1.0;
				PRODUCT_BUNDLE_IDENTIFIER = com.github.EntityVadim.ImageFeed;
				PRODUCT_NAME = "$(TARGET_NAME)";
				SUPPORTED_PLATFORMS = "iphoneos iphonesimulator";
				SUPPORTS_MACCATALYST = NO;
				SWIFT_EMIT_LOC_STRINGS = YES;
				SWIFT_VERSION = 5.0;
				TARGETED_DEVICE_FAMILY = 1;
			};
			name = Debug;
		};
		DDC0B32D2BE389580035E7DD /* Release */ = {
			isa = XCBuildConfiguration;
			buildSettings = {
				ASSETCATALOG_COMPILER_APPICON_NAME = AppIcon;
				ASSETCATALOG_COMPILER_GLOBAL_ACCENT_COLOR_NAME = AccentColor;
				CODE_SIGN_STYLE = Automatic;
				CURRENT_PROJECT_VERSION = 1;
				DEVELOPMENT_TEAM = NR5Q88774S;
				GENERATE_INFOPLIST_FILE = YES;
				INFOPLIST_FILE = ImageFeed/Info.plist;
				INFOPLIST_KEY_UIApplicationSupportsIndirectInputEvents = YES;
				INFOPLIST_KEY_UILaunchStoryboardName = "";
				INFOPLIST_KEY_UIStatusBarStyle = "";
				INFOPLIST_KEY_UISupportedInterfaceOrientations = UIInterfaceOrientationPortrait;
				INFOPLIST_KEY_UISupportedInterfaceOrientations_iPad = "UIInterfaceOrientationLandscapeLeft UIInterfaceOrientationLandscapeRight UIInterfaceOrientationPortrait UIInterfaceOrientationPortraitUpsideDown";
				IPHONEOS_DEPLOYMENT_TARGET = 13.0;
				LD_RUNPATH_SEARCH_PATHS = (
					"$(inherited)",
					"@executable_path/Frameworks",
				);
				MARKETING_VERSION = 1.0;
				PRODUCT_BUNDLE_IDENTIFIER = com.github.EntityVadim.ImageFeed;
				PRODUCT_NAME = "$(TARGET_NAME)";
				SUPPORTED_PLATFORMS = "iphoneos iphonesimulator";
				SUPPORTS_MACCATALYST = NO;
				SWIFT_EMIT_LOC_STRINGS = YES;
				SWIFT_VERSION = 5.0;
				TARGETED_DEVICE_FAMILY = 1;
			};
			name = Release;
		};
/* End XCBuildConfiguration section */

/* Begin XCConfigurationList section */
		DD3712A62C47A1BB0046657F /* Build configuration list for PBXNativeTarget "ImageFeedUITests" */ = {
			isa = XCConfigurationList;
			buildConfigurations = (
				DD3712A42C47A1BB0046657F /* Debug */,
				DD3712A52C47A1BB0046657F /* Release */,
			);
			defaultConfigurationIsVisible = 0;
			defaultConfigurationName = Release;
		};
		DD7DC2F32C463F870009C5A6 /* Build configuration list for PBXNativeTarget "ImageFeedTests" */ = {
			isa = XCConfigurationList;
			buildConfigurations = (
				DD7DC2F12C463F870009C5A6 /* Debug */,
				DD7DC2F22C463F870009C5A6 /* Release */,
			);
			defaultConfigurationIsVisible = 0;
			defaultConfigurationName = Release;
		};
		DDC0B3122BE389550035E7DD /* Build configuration list for PBXProject "ImageFeed" */ = {
			isa = XCConfigurationList;
			buildConfigurations = (
				DDC0B3292BE389580035E7DD /* Debug */,
				DDC0B32A2BE389580035E7DD /* Release */,
			);
			defaultConfigurationIsVisible = 0;
			defaultConfigurationName = Release;
		};
		DDC0B32B2BE389580035E7DD /* Build configuration list for PBXNativeTarget "ImageFeed" */ = {
			isa = XCConfigurationList;
			buildConfigurations = (
				DDC0B32C2BE389580035E7DD /* Debug */,
				DDC0B32D2BE389580035E7DD /* Release */,
			);
			defaultConfigurationIsVisible = 0;
			defaultConfigurationName = Release;
		};
/* End XCConfigurationList section */

/* Begin XCRemoteSwiftPackageReference section */
		DD58A6A62C46501100ABE4AC /* XCRemoteSwiftPackageReference "Kingfisher" */ = {
			isa = XCRemoteSwiftPackageReference;
			repositoryURL = "https://github.com/onevcat/Kingfisher";
			requirement = {
				kind = upToNextMajorVersion;
				minimumVersion = 7.12.0;
			};
		};
		DD8E90672C464C1F00F00858 /* XCRemoteSwiftPackageReference "ProgressHUD" */ = {
			isa = XCRemoteSwiftPackageReference;
			repositoryURL = "https://github.com/relatedcode/ProgressHUD";
			requirement = {
				kind = upToNextMinorVersion;
				minimumVersion = 14.1.3;
			};
		};
		DD8E90692C464C2B00F00858 /* XCRemoteSwiftPackageReference "SwiftKeychainWrapper" */ = {
			isa = XCRemoteSwiftPackageReference;
			repositoryURL = "https://github.com/jrendel/SwiftKeychainWrapper";
			requirement = {
				kind = upToNextMinorVersion;
				minimumVersion = 4.0.1;
			};
		};
/* End XCRemoteSwiftPackageReference section */

/* Begin XCSwiftPackageProductDependency section */
		DD58A6A82C4650F100ABE4AC /* ProgressHUD */ = {
			isa = XCSwiftPackageProductDependency;
			package = DD8E90672C464C1F00F00858 /* XCRemoteSwiftPackageReference "ProgressHUD" */;
			productName = ProgressHUD;
		};
		DD58A6AA2C4650F500ABE4AC /* Kingfisher */ = {
			isa = XCSwiftPackageProductDependency;
			package = DD58A6A62C46501100ABE4AC /* XCRemoteSwiftPackageReference "Kingfisher" */;
			productName = Kingfisher;
		};
		DD58A6AC2C4650FA00ABE4AC /* SwiftKeychainWrapper */ = {
			isa = XCSwiftPackageProductDependency;
			package = DD8E90692C464C2B00F00858 /* XCRemoteSwiftPackageReference "SwiftKeychainWrapper" */;
			productName = SwiftKeychainWrapper;
		};
		DD58A6AE2C46513900ABE4AC /* ProgressHUD */ = {
			isa = XCSwiftPackageProductDependency;
			package = DD8E90672C464C1F00F00858 /* XCRemoteSwiftPackageReference "ProgressHUD" */;
			productName = ProgressHUD;
		};
		DD58A6B02C46513D00ABE4AC /* SwiftKeychainWrapper */ = {
			isa = XCSwiftPackageProductDependency;
			package = DD8E90692C464C2B00F00858 /* XCRemoteSwiftPackageReference "SwiftKeychainWrapper" */;
			productName = SwiftKeychainWrapper;
		};
		DD58A6B22C46514100ABE4AC /* Kingfisher */ = {
			isa = XCSwiftPackageProductDependency;
			package = DD58A6A62C46501100ABE4AC /* XCRemoteSwiftPackageReference "Kingfisher" */;
			productName = Kingfisher;
		};
/* End XCSwiftPackageProductDependency section */
	};
	rootObject = DDC0B30F2BE389550035E7DD /* Project object */;
}
